
Microsoft Visual Studio Solution File, Format Version 12.00
# Visual Studio Version 16
VisualStudioVersion = 16.0.30711.63
MinimumVisualStudioVersion = 10.0.40219.1
Project("{8BC9CEB8-8B4A-11D0-8D11-00A0C91BC942}") = "Bai189", "Bai189\Bai189.vcxproj", "{C3E804BA-6A11-4A11-8AFF-259F3D3D7F29}"
EndProject
Project("{8BC9CEB8-8B4A-11D0-8D11-00A0C91BC942}") = "Bai190", "Bai190\Bai190.vcxproj", "{648824D7-512A-4316-80C3-0E55FFD111AB}"
EndProject
Project("{8BC9CEB8-8B4A-11D0-8D11-00A0C91BC942}") = "Bai191", "Bai191\Bai191.vcxproj", "{E6BA38DC-61E3-4129-8CA7-B041EB280FEF}"
EndProject
Project("{8BC9CEB8-8B4A-11D0-8D11-00A0C91BC942}") = "Bai192", "Bai192\Bai192.vcxproj", "{0B329584-5089-448E-A4AF-72D4EDDC67A7}"
EndProject
Project("{8BC9CEB8-8B4A-11D0-8D11-00A0C91BC942}") = "Bai193", "Bai193\Bai193.vcxproj", "{AFE5DED0-CE71-45EE-A449-E2C0CB786090}"
EndProject
Project("{8BC9CEB8-8B4A-11D0-8D11-00A0C91BC942}") = "Bai194", "Bai194\Bai194.vcxproj", "{FBC292EE-56C8-4A60-B9ED-E3A00919FBD5}"
EndProject
Project("{8BC9CEB8-8B4A-11D0-8D11-00A0C91BC942}") = "Bai195", "Bai195\Bai195.vcxproj", "{7C76F55E-0325-49D7-B7E5-D05B0B92D66C}"
EndProject
Project("{8BC9CEB8-8B4A-11D0-8D11-00A0C91BC942}") = "Bai196", "Bai196\Bai196.vcxproj", "{B68149F7-95E9-4B4B-84A3-ECB80322628A}"
EndProject
Project("{8BC9CEB8-8B4A-11D0-8D11-00A0C91BC942}") = "Bai197", "Bai197\Bai197.vcxproj", "{0BE23227-7884-4E0C-A204-2D40E5CBA4FC}"
EndProject
Project("{8BC9CEB8-8B4A-11D0-8D11-00A0C91BC942}") = "Bai198", "Bai198\Bai198.vcxproj", "{B93A3BB7-2CD3-4E3F-B428-57F302813555}"
EndProject
Project("{8BC9CEB8-8B4A-11D0-8D11-00A0C91BC942}") = "Bai199", "Bai199\Bai199.vcxproj", "{EBF6DFD0-38E2-4530-82FD-321C26E24EA9}"
EndProject
Project("{8BC9CEB8-8B4A-11D0-8D11-00A0C91BC942}") = "Bai200", "Bai200\Bai200.vcxproj", "{7C0FA964-5AD5-48A8-8032-BA14B4E04847}"
EndProject
Project("{8BC9CEB8-8B4A-11D0-8D11-00A0C91BC942}") = "Bai201", "Bai201\Bai201.vcxproj", "{76738543-C0D2-494C-8515-792A6CAF737D}"
EndProject
Project("{8BC9CEB8-8B4A-11D0-8D11-00A0C91BC942}") = "Bai202", "Bai202\Bai202.vcxproj", "{3E49EBCD-D166-43FF-8352-BE4288733036}"
EndProject
Project("{8BC9CEB8-8B4A-11D0-8D11-00A0C91BC942}") = "Bai203", "Bai203\Bai203.vcxproj", "{3C648497-EFF4-4DAA-A30A-C4700663491A}"
EndProject
Project("{8BC9CEB8-8B4A-11D0-8D11-00A0C91BC942}") = "Bai204", "Bai204\Bai204.vcxproj", "{9E4FA510-0B3E-4632-AA93-FBD83D545940}"
EndProject
Project("{8BC9CEB8-8B4A-11D0-8D11-00A0C91BC942}") = "Bai205", "Bai205\Bai205.vcxproj", "{5BE26133-4F08-445A-86E8-A96D8CE1EAFC}"
EndProject
Project("{8BC9CEB8-8B4A-11D0-8D11-00A0C91BC942}") = "Bai206", "Bai206\Bai206.vcxproj", "{EE37C947-B033-4217-875B-9C0B2F248C4E}"
EndProject
Project("{8BC9CEB8-8B4A-11D0-8D11-00A0C91BC942}") = "Bai207", "Bai207\Bai207.vcxproj", "{9F416CFC-CA29-4358-8256-FFF4EBF7B9D9}"
EndProject
Project("{8BC9CEB8-8B4A-11D0-8D11-00A0C91BC942}") = "Bai208", "Bai208\Bai208.vcxproj", "{B6A8FD9D-7D3C-4172-A0B5-89FF0BD65D73}"
EndProject
Project("{8BC9CEB8-8B4A-11D0-8D11-00A0C91BC942}") = "Bai209", "Bai209\Bai209.vcxproj", "{CCA890EC-30F8-4060-ADBF-0A271F654C9B}"
EndProject
Project("{8BC9CEB8-8B4A-11D0-8D11-00A0C91BC942}") = "Bai210", "Bai210\Bai210.vcxproj", "{4D320867-3FE3-4F2B-B0CF-A51D398E5463}"
EndProject
Project("{8BC9CEB8-8B4A-11D0-8D11-00A0C91BC942}") = "Bai211", "Bai211\Bai211.vcxproj", "{70D8F3FD-639E-442C-9AF9-F78CDACB8815}"
EndProject
Project("{8BC9CEB8-8B4A-11D0-8D11-00A0C91BC942}") = "Bai212", "Bai212\Bai212.vcxproj", "{F0811A72-C1C0-4733-8BF7-53B4A3EB9B6D}"
EndProject
Project("{8BC9CEB8-8B4A-11D0-8D11-00A0C91BC942}") = "Bai213", "Bai213\Bai213.vcxproj", "{322CEC39-74D1-499F-87BF-4B3A7D3D6445}"
EndProject
Project("{8BC9CEB8-8B4A-11D0-8D11-00A0C91BC942}") = "Bai214", "Bai214\Bai214.vcxproj", "{5B009E14-0711-47AD-A653-9FBA9E249457}"
EndProject
Project("{8BC9CEB8-8B4A-11D0-8D11-00A0C91BC942}") = "Bai215", "Bai215\Bai215.vcxproj", "{9C96ADC7-233D-42FF-AA98-B428FBC78F4B}"
EndProject
Project("{8BC9CEB8-8B4A-11D0-8D11-00A0C91BC942}") = "Bai216", "Bai216\Bai216.vcxproj", "{0E916014-182B-4888-92ED-67F834865374}"
EndProject
Project("{8BC9CEB8-8B4A-11D0-8D11-00A0C91BC942}") = "Bai217", "Bai217\Bai217.vcxproj", "{D1484598-0755-4389-939C-1890CB14A34A}"
EndProject
Project("{8BC9CEB8-8B4A-11D0-8D11-00A0C91BC942}") = "Bai218", "Bai218\Bai218.vcxproj", "{94C2177E-FCFE-4969-840D-6AEA47288203}"
EndProject
Project("{8BC9CEB8-8B4A-11D0-8D11-00A0C91BC942}") = "Bai219", "Bai219\Bai219.vcxproj", "{0B454D52-791F-448B-888C-E348037314A2}"
EndProject
Project("{8BC9CEB8-8B4A-11D0-8D11-00A0C91BC942}") = "Bai220", "Bai220\Bai220.vcxproj", "{935894A3-45A3-4ACA-83B6-04AE64E2B010}"
EndProject
Project("{8BC9CEB8-8B4A-11D0-8D11-00A0C91BC942}") = "Bai221", "Bai221\Bai221.vcxproj", "{4C6B8878-BEEC-4365-BB9B-CD1315FCC2DA}"
EndProject
Project("{8BC9CEB8-8B4A-11D0-8D11-00A0C91BC942}") = "Bai222", "Bai222\Bai222.vcxproj", "{F25D2F2B-D5EB-47F3-9CCE-2E7603818B09}"
EndProject
Project("{8BC9CEB8-8B4A-11D0-8D11-00A0C91BC942}") = "Bai223", "Bai223\Bai223.vcxproj", "{C532C182-C992-4DA5-BE1D-79576CC633E7}"
EndProject
Project("{8BC9CEB8-8B4A-11D0-8D11-00A0C91BC942}") = "Bai224", "Bai224\Bai224.vcxproj", "{BD620F31-A3A0-4B6E-9113-B0492981A5A5}"
EndProject
Project("{8BC9CEB8-8B4A-11D0-8D11-00A0C91BC942}") = "Bai225", "Bai225\Bai225.vcxproj", "{4CA5DDDC-41A7-43BC-B8D9-EF5B6DCD81EF}"
EndProject
Project("{8BC9CEB8-8B4A-11D0-8D11-00A0C91BC942}") = "Bai226", "Bai226\Bai226.vcxproj", "{65537E86-23D6-43BE-8FA1-FC0B16FF8034}"
EndProject
Project("{8BC9CEB8-8B4A-11D0-8D11-00A0C91BC942}") = "Bai227", "Bai227\Bai227.vcxproj", "{78283B4D-FDD6-45AE-96E9-9BFEF6AE0208}"
EndProject
Project("{8BC9CEB8-8B4A-11D0-8D11-00A0C91BC942}") = "Bai228", "Bai228\Bai228.vcxproj", "{F5456908-47DE-458C-8F36-22FE4717F7A5}"
EndProject
Project("{8BC9CEB8-8B4A-11D0-8D11-00A0C91BC942}") = "Bai229", "Bai229\Bai229.vcxproj", "{1FEFB74A-F80F-438E-A069-3AFF8177ECEB}"
EndProject
Project("{8BC9CEB8-8B4A-11D0-8D11-00A0C91BC942}") = "Bai230", "Bai230\Bai230.vcxproj", "{0E2D051E-B42E-47C2-A293-A963ABE0FA87}"
EndProject
Project("{8BC9CEB8-8B4A-11D0-8D11-00A0C91BC942}") = "Bai231", "Bai231\Bai231.vcxproj", "{DA39034B-6692-4344-AEBE-60B1672DF69B}"
EndProject
Project("{8BC9CEB8-8B4A-11D0-8D11-00A0C91BC942}") = "Bai232", "Bai232\Bai232.vcxproj", "{FB22D201-1E47-46D9-B896-976364648E27}"
EndProject
Project("{8BC9CEB8-8B4A-11D0-8D11-00A0C91BC942}") = "Bai233", "Bai233\Bai233.vcxproj", "{5DB5B61F-1F43-4750-A938-9277A09F67D9}"
EndProject
Project("{8BC9CEB8-8B4A-11D0-8D11-00A0C91BC942}") = "Bai234", "Bai234\Bai234.vcxproj", "{64608FB7-FC02-4CF6-914F-32C5DB609C09}"
EndProject
Project("{8BC9CEB8-8B4A-11D0-8D11-00A0C91BC942}") = "Bai235", "Bai235\Bai235.vcxproj", "{B3E3594E-8A2E-495D-9BDE-8B31336F43DE}"
EndProject
Project("{8BC9CEB8-8B4A-11D0-8D11-00A0C91BC942}") = "Bai236", "Bai236\Bai236.vcxproj", "{FBD6B64F-115E-465F-909F-5D1F20345056}"
EndProject
Project("{8BC9CEB8-8B4A-11D0-8D11-00A0C91BC942}") = "Bai237", "Bai237\Bai237.vcxproj", "{39B1C8F0-BF7E-48D3-B54F-ED86538B7514}"
EndProject
Project("{8BC9CEB8-8B4A-11D0-8D11-00A0C91BC942}") = "Bai238", "Bai238\Bai238.vcxproj", "{D3910780-374B-4E4C-B47B-BE995F7C560F}"
EndProject
Project("{8BC9CEB8-8B4A-11D0-8D11-00A0C91BC942}") = "Bai239", "Bai239\Bai239.vcxproj", "{D98A8092-AF42-4F3C-9955-22FD4FF0B819}"
EndProject
Project("{8BC9CEB8-8B4A-11D0-8D11-00A0C91BC942}") = "Bai240", "Bai240\Bai240.vcxproj", "{24E65762-7701-4A98-9CC9-A137741A1D1E}"
EndProject
Project("{8BC9CEB8-8B4A-11D0-8D11-00A0C91BC942}") = "Bai241", "Bai241\Bai241.vcxproj", "{85BDD92D-F740-4DE3-ACA2-239299F2CA2E}"
EndProject
Project("{8BC9CEB8-8B4A-11D0-8D11-00A0C91BC942}") = "Bai242", "Bai242\Bai242.vcxproj", "{A0A2C205-4282-4F5C-B53C-246F5EE5AA5A}"
EndProject
Project("{8BC9CEB8-8B4A-11D0-8D11-00A0C91BC942}") = "Bai243", "Bai243\Bai243.vcxproj", "{FD50CD2A-09A8-43ED-8503-3A993B89A90E}"
EndProject
Project("{8BC9CEB8-8B4A-11D0-8D11-00A0C91BC942}") = "Bai244", "Bai244\Bai244.vcxproj", "{0FE04BB1-50AE-4C9C-AC7B-F233B59F0287}"
EndProject
Project("{8BC9CEB8-8B4A-11D0-8D11-00A0C91BC942}") = "Bai245", "Bai245\Bai245.vcxproj", "{D67F3F1C-3511-4DC7-9990-705CA02D501D}"
EndProject
Project("{8BC9CEB8-8B4A-11D0-8D11-00A0C91BC942}") = "Bai246", "Bai246\Bai246.vcxproj", "{73C463E5-4CD1-40CD-8934-64BBD61F9BA6}"
EndProject
Project("{8BC9CEB8-8B4A-11D0-8D11-00A0C91BC942}") = "Bai247", "Bai247\Bai247.vcxproj", "{C1F8FB28-5F4A-4445-A554-A608F17F512D}"
EndProject
Project("{8BC9CEB8-8B4A-11D0-8D11-00A0C91BC942}") = "Bai248", "Bai248\Bai248.vcxproj", "{4B3873FD-7176-4158-8056-B5D682E9B2CA}"
EndProject
Project("{8BC9CEB8-8B4A-11D0-8D11-00A0C91BC942}") = "Bai249", "Bai249\Bai249.vcxproj", "{3F2FF6A8-75F0-4FCE-B15D-85BA709D2F45}"
EndProject
Project("{8BC9CEB8-8B4A-11D0-8D11-00A0C91BC942}") = "Bai250", "Bai250\Bai250.vcxproj", "{82A89E96-0011-4BD7-BBBF-7CA3DB72F44A}"
EndProject
Project("{8BC9CEB8-8B4A-11D0-8D11-00A0C91BC942}") = "Bai251", "Bai251\Bai251.vcxproj", "{EC5A3448-CF39-43AA-8387-995FBD2D3C86}"
EndProject
Project("{8BC9CEB8-8B4A-11D0-8D11-00A0C91BC942}") = "Bai252", "Bai252\Bai252.vcxproj", "{3A18BBC7-AE98-4F6F-B4EF-40802F04307D}"
EndProject
Project("{8BC9CEB8-8B4A-11D0-8D11-00A0C91BC942}") = "Bai253", "Bai253\Bai253.vcxproj", "{9702B063-586C-4790-A3DF-02FDD0A10395}"
EndProject
Project("{8BC9CEB8-8B4A-11D0-8D11-00A0C91BC942}") = "Bai254", "Bai254\Bai254.vcxproj", "{7354F5A2-0070-4920-9680-DEACE68C8ABA}"
EndProject
Project("{8BC9CEB8-8B4A-11D0-8D11-00A0C91BC942}") = "Bai255", "Bai255\Bai255.vcxproj", "{EA3D63B3-6DA9-4C27-B51D-11F95A953085}"
EndProject
Project("{8BC9CEB8-8B4A-11D0-8D11-00A0C91BC942}") = "Bai256", "Bai256\Bai256.vcxproj", "{F430D5B2-C3ED-4D3E-BA0D-ECCCB714CFF0}"
EndProject
Project("{8BC9CEB8-8B4A-11D0-8D11-00A0C91BC942}") = "Bai257", "Bai257\Bai257.vcxproj", "{5FDC8FE0-616E-4713-9F4A-A392947A7FCC}"
EndProject
Project("{8BC9CEB8-8B4A-11D0-8D11-00A0C91BC942}") = "Bai258", "Bai258\Bai258.vcxproj", "{835A0944-D570-4489-B157-AF5F67C66CEC}"
EndProject
Project("{8BC9CEB8-8B4A-11D0-8D11-00A0C91BC942}") = "Bai259", "Bai259\Bai259.vcxproj", "{0B641346-1F67-4064-BDF7-6907006C48FC}"
EndProject
Project("{8BC9CEB8-8B4A-11D0-8D11-00A0C91BC942}") = "Bai260", "Bai260\Bai260.vcxproj", "{B6B2D75F-4984-4708-9D9A-CF0A4BCD89AC}"
EndProject
Project("{8BC9CEB8-8B4A-11D0-8D11-00A0C91BC942}") = "Bai261", "Bai261\Bai261.vcxproj", "{10E77D5D-E0E7-4E4C-96A0-C66EFD4CFA61}"
EndProject
Project("{8BC9CEB8-8B4A-11D0-8D11-00A0C91BC942}") = "Bai262", "Bai262\Bai262.vcxproj", "{6868063D-BA96-4069-9DB6-100E4ECA5C8D}"
EndProject
Project("{8BC9CEB8-8B4A-11D0-8D11-00A0C91BC942}") = "Bai263", "Bai263\Bai263.vcxproj", "{42319A2B-3537-47AF-964B-73804BABA4BF}"
EndProject
Project("{8BC9CEB8-8B4A-11D0-8D11-00A0C91BC942}") = "Bai264", "Bai264\Bai264.vcxproj", "{96F6E636-8E12-49D1-A7C8-1EDFC04B4C11}"
EndProject
Project("{8BC9CEB8-8B4A-11D0-8D11-00A0C91BC942}") = "Bai265", "Bai265\Bai265.vcxproj", "{09E5E269-6CF5-4821-9C0C-554A216EBB47}"
EndProject
Global
	GlobalSection(SolutionConfigurationPlatforms) = preSolution
		Debug|x64 = Debug|x64
		Debug|x86 = Debug|x86
		Release|x64 = Release|x64
		Release|x86 = Release|x86
	EndGlobalSection
	GlobalSection(ProjectConfigurationPlatforms) = postSolution
		{C3E804BA-6A11-4A11-8AFF-259F3D3D7F29}.Debug|x64.ActiveCfg = Debug|x64
		{C3E804BA-6A11-4A11-8AFF-259F3D3D7F29}.Debug|x64.Build.0 = Debug|x64
		{C3E804BA-6A11-4A11-8AFF-259F3D3D7F29}.Debug|x86.ActiveCfg = Debug|Win32
		{C3E804BA-6A11-4A11-8AFF-259F3D3D7F29}.Debug|x86.Build.0 = Debug|Win32
		{C3E804BA-6A11-4A11-8AFF-259F3D3D7F29}.Release|x64.ActiveCfg = Release|x64
		{C3E804BA-6A11-4A11-8AFF-259F3D3D7F29}.Release|x64.Build.0 = Release|x64
		{C3E804BA-6A11-4A11-8AFF-259F3D3D7F29}.Release|x86.ActiveCfg = Release|Win32
		{C3E804BA-6A11-4A11-8AFF-259F3D3D7F29}.Release|x86.Build.0 = Release|Win32
		{648824D7-512A-4316-80C3-0E55FFD111AB}.Debug|x64.ActiveCfg = Debug|x64
		{648824D7-512A-4316-80C3-0E55FFD111AB}.Debug|x64.Build.0 = Debug|x64
		{648824D7-512A-4316-80C3-0E55FFD111AB}.Debug|x86.ActiveCfg = Debug|Win32
		{648824D7-512A-4316-80C3-0E55FFD111AB}.Debug|x86.Build.0 = Debug|Win32
		{648824D7-512A-4316-80C3-0E55FFD111AB}.Release|x64.ActiveCfg = Release|x64
		{648824D7-512A-4316-80C3-0E55FFD111AB}.Release|x64.Build.0 = Release|x64
		{648824D7-512A-4316-80C3-0E55FFD111AB}.Release|x86.ActiveCfg = Release|Win32
		{648824D7-512A-4316-80C3-0E55FFD111AB}.Release|x86.Build.0 = Release|Win32
		{E6BA38DC-61E3-4129-8CA7-B041EB280FEF}.Debug|x64.ActiveCfg = Debug|x64
		{E6BA38DC-61E3-4129-8CA7-B041EB280FEF}.Debug|x64.Build.0 = Debug|x64
		{E6BA38DC-61E3-4129-8CA7-B041EB280FEF}.Debug|x86.ActiveCfg = Debug|Win32
		{E6BA38DC-61E3-4129-8CA7-B041EB280FEF}.Debug|x86.Build.0 = Debug|Win32
		{E6BA38DC-61E3-4129-8CA7-B041EB280FEF}.Release|x64.ActiveCfg = Release|x64
		{E6BA38DC-61E3-4129-8CA7-B041EB280FEF}.Release|x64.Build.0 = Release|x64
		{E6BA38DC-61E3-4129-8CA7-B041EB280FEF}.Release|x86.ActiveCfg = Release|Win32
		{E6BA38DC-61E3-4129-8CA7-B041EB280FEF}.Release|x86.Build.0 = Release|Win32
		{0B329584-5089-448E-A4AF-72D4EDDC67A7}.Debug|x64.ActiveCfg = Debug|x64
		{0B329584-5089-448E-A4AF-72D4EDDC67A7}.Debug|x64.Build.0 = Debug|x64
		{0B329584-5089-448E-A4AF-72D4EDDC67A7}.Debug|x86.ActiveCfg = Debug|Win32
		{0B329584-5089-448E-A4AF-72D4EDDC67A7}.Debug|x86.Build.0 = Debug|Win32
		{0B329584-5089-448E-A4AF-72D4EDDC67A7}.Release|x64.ActiveCfg = Release|x64
		{0B329584-5089-448E-A4AF-72D4EDDC67A7}.Release|x64.Build.0 = Release|x64
		{0B329584-5089-448E-A4AF-72D4EDDC67A7}.Release|x86.ActiveCfg = Release|Win32
		{0B329584-5089-448E-A4AF-72D4EDDC67A7}.Release|x86.Build.0 = Release|Win32
		{AFE5DED0-CE71-45EE-A449-E2C0CB786090}.Debug|x64.ActiveCfg = Debug|x64
		{AFE5DED0-CE71-45EE-A449-E2C0CB786090}.Debug|x64.Build.0 = Debug|x64
		{AFE5DED0-CE71-45EE-A449-E2C0CB786090}.Debug|x86.ActiveCfg = Debug|Win32
		{AFE5DED0-CE71-45EE-A449-E2C0CB786090}.Debug|x86.Build.0 = Debug|Win32
		{AFE5DED0-CE71-45EE-A449-E2C0CB786090}.Release|x64.ActiveCfg = Release|x64
		{AFE5DED0-CE71-45EE-A449-E2C0CB786090}.Release|x64.Build.0 = Release|x64
		{AFE5DED0-CE71-45EE-A449-E2C0CB786090}.Release|x86.ActiveCfg = Release|Win32
		{AFE5DED0-CE71-45EE-A449-E2C0CB786090}.Release|x86.Build.0 = Release|Win32
		{FBC292EE-56C8-4A60-B9ED-E3A00919FBD5}.Debug|x64.ActiveCfg = Debug|x64
		{FBC292EE-56C8-4A60-B9ED-E3A00919FBD5}.Debug|x64.Build.0 = Debug|x64
		{FBC292EE-56C8-4A60-B9ED-E3A00919FBD5}.Debug|x86.ActiveCfg = Debug|Win32
		{FBC292EE-56C8-4A60-B9ED-E3A00919FBD5}.Debug|x86.Build.0 = Debug|Win32
		{FBC292EE-56C8-4A60-B9ED-E3A00919FBD5}.Release|x64.ActiveCfg = Release|x64
		{FBC292EE-56C8-4A60-B9ED-E3A00919FBD5}.Release|x64.Build.0 = Release|x64
		{FBC292EE-56C8-4A60-B9ED-E3A00919FBD5}.Release|x86.ActiveCfg = Release|Win32
		{FBC292EE-56C8-4A60-B9ED-E3A00919FBD5}.Release|x86.Build.0 = Release|Win32
		{7C76F55E-0325-49D7-B7E5-D05B0B92D66C}.Debug|x64.ActiveCfg = Debug|x64
		{7C76F55E-0325-49D7-B7E5-D05B0B92D66C}.Debug|x64.Build.0 = Debug|x64
		{7C76F55E-0325-49D7-B7E5-D05B0B92D66C}.Debug|x86.ActiveCfg = Debug|Win32
		{7C76F55E-0325-49D7-B7E5-D05B0B92D66C}.Debug|x86.Build.0 = Debug|Win32
		{7C76F55E-0325-49D7-B7E5-D05B0B92D66C}.Release|x64.ActiveCfg = Release|x64
		{7C76F55E-0325-49D7-B7E5-D05B0B92D66C}.Release|x64.Build.0 = Release|x64
		{7C76F55E-0325-49D7-B7E5-D05B0B92D66C}.Release|x86.ActiveCfg = Release|Win32
		{7C76F55E-0325-49D7-B7E5-D05B0B92D66C}.Release|x86.Build.0 = Release|Win32
		{B68149F7-95E9-4B4B-84A3-ECB80322628A}.Debug|x64.ActiveCfg = Debug|x64
		{B68149F7-95E9-4B4B-84A3-ECB80322628A}.Debug|x64.Build.0 = Debug|x64
		{B68149F7-95E9-4B4B-84A3-ECB80322628A}.Debug|x86.ActiveCfg = Debug|Win32
		{B68149F7-95E9-4B4B-84A3-ECB80322628A}.Debug|x86.Build.0 = Debug|Win32
		{B68149F7-95E9-4B4B-84A3-ECB80322628A}.Release|x64.ActiveCfg = Release|x64
		{B68149F7-95E9-4B4B-84A3-ECB80322628A}.Release|x64.Build.0 = Release|x64
		{B68149F7-95E9-4B4B-84A3-ECB80322628A}.Release|x86.ActiveCfg = Release|Win32
		{B68149F7-95E9-4B4B-84A3-ECB80322628A}.Release|x86.Build.0 = Release|Win32
		{0BE23227-7884-4E0C-A204-2D40E5CBA4FC}.Debug|x64.ActiveCfg = Debug|x64
		{0BE23227-7884-4E0C-A204-2D40E5CBA4FC}.Debug|x64.Build.0 = Debug|x64
		{0BE23227-7884-4E0C-A204-2D40E5CBA4FC}.Debug|x86.ActiveCfg = Debug|Win32
		{0BE23227-7884-4E0C-A204-2D40E5CBA4FC}.Debug|x86.Build.0 = Debug|Win32
		{0BE23227-7884-4E0C-A204-2D40E5CBA4FC}.Release|x64.ActiveCfg = Release|x64
		{0BE23227-7884-4E0C-A204-2D40E5CBA4FC}.Release|x64.Build.0 = Release|x64
		{0BE23227-7884-4E0C-A204-2D40E5CBA4FC}.Release|x86.ActiveCfg = Release|Win32
		{0BE23227-7884-4E0C-A204-2D40E5CBA4FC}.Release|x86.Build.0 = Release|Win32
		{B93A3BB7-2CD3-4E3F-B428-57F302813555}.Debug|x64.ActiveCfg = Debug|x64
		{B93A3BB7-2CD3-4E3F-B428-57F302813555}.Debug|x64.Build.0 = Debug|x64
		{B93A3BB7-2CD3-4E3F-B428-57F302813555}.Debug|x86.ActiveCfg = Debug|Win32
		{B93A3BB7-2CD3-4E3F-B428-57F302813555}.Debug|x86.Build.0 = Debug|Win32
		{B93A3BB7-2CD3-4E3F-B428-57F302813555}.Release|x64.ActiveCfg = Release|x64
		{B93A3BB7-2CD3-4E3F-B428-57F302813555}.Release|x64.Build.0 = Release|x64
		{B93A3BB7-2CD3-4E3F-B428-57F302813555}.Release|x86.ActiveCfg = Release|Win32
		{B93A3BB7-2CD3-4E3F-B428-57F302813555}.Release|x86.Build.0 = Release|Win32
		{EBF6DFD0-38E2-4530-82FD-321C26E24EA9}.Debug|x64.ActiveCfg = Debug|x64
		{EBF6DFD0-38E2-4530-82FD-321C26E24EA9}.Debug|x64.Build.0 = Debug|x64
		{EBF6DFD0-38E2-4530-82FD-321C26E24EA9}.Debug|x86.ActiveCfg = Debug|Win32
		{EBF6DFD0-38E2-4530-82FD-321C26E24EA9}.Debug|x86.Build.0 = Debug|Win32
		{EBF6DFD0-38E2-4530-82FD-321C26E24EA9}.Release|x64.ActiveCfg = Release|x64
		{EBF6DFD0-38E2-4530-82FD-321C26E24EA9}.Release|x64.Build.0 = Release|x64
		{EBF6DFD0-38E2-4530-82FD-321C26E24EA9}.Release|x86.ActiveCfg = Release|Win32
		{EBF6DFD0-38E2-4530-82FD-321C26E24EA9}.Release|x86.Build.0 = Release|Win32
		{7C0FA964-5AD5-48A8-8032-BA14B4E04847}.Debug|x64.ActiveCfg = Debug|x64
		{7C0FA964-5AD5-48A8-8032-BA14B4E04847}.Debug|x64.Build.0 = Debug|x64
		{7C0FA964-5AD5-48A8-8032-BA14B4E04847}.Debug|x86.ActiveCfg = Debug|Win32
		{7C0FA964-5AD5-48A8-8032-BA14B4E04847}.Debug|x86.Build.0 = Debug|Win32
		{7C0FA964-5AD5-48A8-8032-BA14B4E04847}.Release|x64.ActiveCfg = Release|x64
		{7C0FA964-5AD5-48A8-8032-BA14B4E04847}.Release|x64.Build.0 = Release|x64
		{7C0FA964-5AD5-48A8-8032-BA14B4E04847}.Release|x86.ActiveCfg = Release|Win32
		{7C0FA964-5AD5-48A8-8032-BA14B4E04847}.Release|x86.Build.0 = Release|Win32
		{76738543-C0D2-494C-8515-792A6CAF737D}.Debug|x64.ActiveCfg = Debug|x64
		{76738543-C0D2-494C-8515-792A6CAF737D}.Debug|x64.Build.0 = Debug|x64
		{76738543-C0D2-494C-8515-792A6CAF737D}.Debug|x86.ActiveCfg = Debug|Win32
		{76738543-C0D2-494C-8515-792A6CAF737D}.Debug|x86.Build.0 = Debug|Win32
		{76738543-C0D2-494C-8515-792A6CAF737D}.Release|x64.ActiveCfg = Release|x64
		{76738543-C0D2-494C-8515-792A6CAF737D}.Release|x64.Build.0 = Release|x64
		{76738543-C0D2-494C-8515-792A6CAF737D}.Release|x86.ActiveCfg = Release|Win32
		{76738543-C0D2-494C-8515-792A6CAF737D}.Release|x86.Build.0 = Release|Win32
		{3E49EBCD-D166-43FF-8352-BE4288733036}.Debug|x64.ActiveCfg = Debug|x64
		{3E49EBCD-D166-43FF-8352-BE4288733036}.Debug|x64.Build.0 = Debug|x64
		{3E49EBCD-D166-43FF-8352-BE4288733036}.Debug|x86.ActiveCfg = Debug|Win32
		{3E49EBCD-D166-43FF-8352-BE4288733036}.Debug|x86.Build.0 = Debug|Win32
		{3E49EBCD-D166-43FF-8352-BE4288733036}.Release|x64.ActiveCfg = Release|x64
		{3E49EBCD-D166-43FF-8352-BE4288733036}.Release|x64.Build.0 = Release|x64
		{3E49EBCD-D166-43FF-8352-BE4288733036}.Release|x86.ActiveCfg = Release|Win32
		{3E49EBCD-D166-43FF-8352-BE4288733036}.Release|x86.Build.0 = Release|Win32
		{3C648497-EFF4-4DAA-A30A-C4700663491A}.Debug|x64.ActiveCfg = Debug|x64
		{3C648497-EFF4-4DAA-A30A-C4700663491A}.Debug|x64.Build.0 = Debug|x64
		{3C648497-EFF4-4DAA-A30A-C4700663491A}.Debug|x86.ActiveCfg = Debug|Win32
		{3C648497-EFF4-4DAA-A30A-C4700663491A}.Debug|x86.Build.0 = Debug|Win32
		{3C648497-EFF4-4DAA-A30A-C4700663491A}.Release|x64.ActiveCfg = Release|x64
		{3C648497-EFF4-4DAA-A30A-C4700663491A}.Release|x64.Build.0 = Release|x64
		{3C648497-EFF4-4DAA-A30A-C4700663491A}.Release|x86.ActiveCfg = Release|Win32
		{3C648497-EFF4-4DAA-A30A-C4700663491A}.Release|x86.Build.0 = Release|Win32
		{9E4FA510-0B3E-4632-AA93-FBD83D545940}.Debug|x64.ActiveCfg = Debug|x64
		{9E4FA510-0B3E-4632-AA93-FBD83D545940}.Debug|x64.Build.0 = Debug|x64
		{9E4FA510-0B3E-4632-AA93-FBD83D545940}.Debug|x86.ActiveCfg = Debug|Win32
		{9E4FA510-0B3E-4632-AA93-FBD83D545940}.Debug|x86.Build.0 = Debug|Win32
		{9E4FA510-0B3E-4632-AA93-FBD83D545940}.Release|x64.ActiveCfg = Release|x64
		{9E4FA510-0B3E-4632-AA93-FBD83D545940}.Release|x64.Build.0 = Release|x64
		{9E4FA510-0B3E-4632-AA93-FBD83D545940}.Release|x86.ActiveCfg = Release|Win32
		{9E4FA510-0B3E-4632-AA93-FBD83D545940}.Release|x86.Build.0 = Release|Win32
		{5BE26133-4F08-445A-86E8-A96D8CE1EAFC}.Debug|x64.ActiveCfg = Debug|x64
		{5BE26133-4F08-445A-86E8-A96D8CE1EAFC}.Debug|x64.Build.0 = Debug|x64
		{5BE26133-4F08-445A-86E8-A96D8CE1EAFC}.Debug|x86.ActiveCfg = Debug|Win32
		{5BE26133-4F08-445A-86E8-A96D8CE1EAFC}.Debug|x86.Build.0 = Debug|Win32
		{5BE26133-4F08-445A-86E8-A96D8CE1EAFC}.Release|x64.ActiveCfg = Release|x64
		{5BE26133-4F08-445A-86E8-A96D8CE1EAFC}.Release|x64.Build.0 = Release|x64
		{5BE26133-4F08-445A-86E8-A96D8CE1EAFC}.Release|x86.ActiveCfg = Release|Win32
		{5BE26133-4F08-445A-86E8-A96D8CE1EAFC}.Release|x86.Build.0 = Release|Win32
		{EE37C947-B033-4217-875B-9C0B2F248C4E}.Debug|x64.ActiveCfg = Debug|x64
		{EE37C947-B033-4217-875B-9C0B2F248C4E}.Debug|x64.Build.0 = Debug|x64
		{EE37C947-B033-4217-875B-9C0B2F248C4E}.Debug|x86.ActiveCfg = Debug|Win32
		{EE37C947-B033-4217-875B-9C0B2F248C4E}.Debug|x86.Build.0 = Debug|Win32
		{EE37C947-B033-4217-875B-9C0B2F248C4E}.Release|x64.ActiveCfg = Release|x64
		{EE37C947-B033-4217-875B-9C0B2F248C4E}.Release|x64.Build.0 = Release|x64
		{EE37C947-B033-4217-875B-9C0B2F248C4E}.Release|x86.ActiveCfg = Release|Win32
		{EE37C947-B033-4217-875B-9C0B2F248C4E}.Release|x86.Build.0 = Release|Win32
		{9F416CFC-CA29-4358-8256-FFF4EBF7B9D9}.Debug|x64.ActiveCfg = Debug|x64
		{9F416CFC-CA29-4358-8256-FFF4EBF7B9D9}.Debug|x64.Build.0 = Debug|x64
		{9F416CFC-CA29-4358-8256-FFF4EBF7B9D9}.Debug|x86.ActiveCfg = Debug|Win32
		{9F416CFC-CA29-4358-8256-FFF4EBF7B9D9}.Debug|x86.Build.0 = Debug|Win32
		{9F416CFC-CA29-4358-8256-FFF4EBF7B9D9}.Release|x64.ActiveCfg = Release|x64
		{9F416CFC-CA29-4358-8256-FFF4EBF7B9D9}.Release|x64.Build.0 = Release|x64
		{9F416CFC-CA29-4358-8256-FFF4EBF7B9D9}.Release|x86.ActiveCfg = Release|Win32
		{9F416CFC-CA29-4358-8256-FFF4EBF7B9D9}.Release|x86.Build.0 = Release|Win32
		{B6A8FD9D-7D3C-4172-A0B5-89FF0BD65D73}.Debug|x64.ActiveCfg = Debug|x64
		{B6A8FD9D-7D3C-4172-A0B5-89FF0BD65D73}.Debug|x64.Build.0 = Debug|x64
		{B6A8FD9D-7D3C-4172-A0B5-89FF0BD65D73}.Debug|x86.ActiveCfg = Debug|Win32
		{B6A8FD9D-7D3C-4172-A0B5-89FF0BD65D73}.Debug|x86.Build.0 = Debug|Win32
		{B6A8FD9D-7D3C-4172-A0B5-89FF0BD65D73}.Release|x64.ActiveCfg = Release|x64
		{B6A8FD9D-7D3C-4172-A0B5-89FF0BD65D73}.Release|x64.Build.0 = Release|x64
		{B6A8FD9D-7D3C-4172-A0B5-89FF0BD65D73}.Release|x86.ActiveCfg = Release|Win32
		{B6A8FD9D-7D3C-4172-A0B5-89FF0BD65D73}.Release|x86.Build.0 = Release|Win32
		{CCA890EC-30F8-4060-ADBF-0A271F654C9B}.Debug|x64.ActiveCfg = Debug|x64
		{CCA890EC-30F8-4060-ADBF-0A271F654C9B}.Debug|x64.Build.0 = Debug|x64
		{CCA890EC-30F8-4060-ADBF-0A271F654C9B}.Debug|x86.ActiveCfg = Debug|Win32
		{CCA890EC-30F8-4060-ADBF-0A271F654C9B}.Debug|x86.Build.0 = Debug|Win32
		{CCA890EC-30F8-4060-ADBF-0A271F654C9B}.Release|x64.ActiveCfg = Release|x64
		{CCA890EC-30F8-4060-ADBF-0A271F654C9B}.Release|x64.Build.0 = Release|x64
		{CCA890EC-30F8-4060-ADBF-0A271F654C9B}.Release|x86.ActiveCfg = Release|Win32
		{CCA890EC-30F8-4060-ADBF-0A271F654C9B}.Release|x86.Build.0 = Release|Win32
		{4D320867-3FE3-4F2B-B0CF-A51D398E5463}.Debug|x64.ActiveCfg = Debug|x64
		{4D320867-3FE3-4F2B-B0CF-A51D398E5463}.Debug|x64.Build.0 = Debug|x64
		{4D320867-3FE3-4F2B-B0CF-A51D398E5463}.Debug|x86.ActiveCfg = Debug|Win32
		{4D320867-3FE3-4F2B-B0CF-A51D398E5463}.Debug|x86.Build.0 = Debug|Win32
		{4D320867-3FE3-4F2B-B0CF-A51D398E5463}.Release|x64.ActiveCfg = Release|x64
		{4D320867-3FE3-4F2B-B0CF-A51D398E5463}.Release|x64.Build.0 = Release|x64
		{4D320867-3FE3-4F2B-B0CF-A51D398E5463}.Release|x86.ActiveCfg = Release|Win32
		{4D320867-3FE3-4F2B-B0CF-A51D398E5463}.Release|x86.Build.0 = Release|Win32
		{70D8F3FD-639E-442C-9AF9-F78CDACB8815}.Debug|x64.ActiveCfg = Debug|x64
		{70D8F3FD-639E-442C-9AF9-F78CDACB8815}.Debug|x64.Build.0 = Debug|x64
		{70D8F3FD-639E-442C-9AF9-F78CDACB8815}.Debug|x86.ActiveCfg = Debug|Win32
		{70D8F3FD-639E-442C-9AF9-F78CDACB8815}.Debug|x86.Build.0 = Debug|Win32
		{70D8F3FD-639E-442C-9AF9-F78CDACB8815}.Release|x64.ActiveCfg = Release|x64
		{70D8F3FD-639E-442C-9AF9-F78CDACB8815}.Release|x64.Build.0 = Release|x64
		{70D8F3FD-639E-442C-9AF9-F78CDACB8815}.Release|x86.ActiveCfg = Release|Win32
		{70D8F3FD-639E-442C-9AF9-F78CDACB8815}.Release|x86.Build.0 = Release|Win32
		{F0811A72-C1C0-4733-8BF7-53B4A3EB9B6D}.Debug|x64.ActiveCfg = Debug|x64
		{F0811A72-C1C0-4733-8BF7-53B4A3EB9B6D}.Debug|x64.Build.0 = Debug|x64
		{F0811A72-C1C0-4733-8BF7-53B4A3EB9B6D}.Debug|x86.ActiveCfg = Debug|Win32
		{F0811A72-C1C0-4733-8BF7-53B4A3EB9B6D}.Debug|x86.Build.0 = Debug|Win32
		{F0811A72-C1C0-4733-8BF7-53B4A3EB9B6D}.Release|x64.ActiveCfg = Release|x64
		{F0811A72-C1C0-4733-8BF7-53B4A3EB9B6D}.Release|x64.Build.0 = Release|x64
		{F0811A72-C1C0-4733-8BF7-53B4A3EB9B6D}.Release|x86.ActiveCfg = Release|Win32
		{F0811A72-C1C0-4733-8BF7-53B4A3EB9B6D}.Release|x86.Build.0 = Release|Win32
		{322CEC39-74D1-499F-87BF-4B3A7D3D6445}.Debug|x64.ActiveCfg = Debug|x64
		{322CEC39-74D1-499F-87BF-4B3A7D3D6445}.Debug|x64.Build.0 = Debug|x64
		{322CEC39-74D1-499F-87BF-4B3A7D3D6445}.Debug|x86.ActiveCfg = Debug|Win32
		{322CEC39-74D1-499F-87BF-4B3A7D3D6445}.Debug|x86.Build.0 = Debug|Win32
		{322CEC39-74D1-499F-87BF-4B3A7D3D6445}.Release|x64.ActiveCfg = Release|x64
		{322CEC39-74D1-499F-87BF-4B3A7D3D6445}.Release|x64.Build.0 = Release|x64
		{322CEC39-74D1-499F-87BF-4B3A7D3D6445}.Release|x86.ActiveCfg = Release|Win32
		{322CEC39-74D1-499F-87BF-4B3A7D3D6445}.Release|x86.Build.0 = Release|Win32
		{5B009E14-0711-47AD-A653-9FBA9E249457}.Debug|x64.ActiveCfg = Debug|x64
		{5B009E14-0711-47AD-A653-9FBA9E249457}.Debug|x64.Build.0 = Debug|x64
		{5B009E14-0711-47AD-A653-9FBA9E249457}.Debug|x86.ActiveCfg = Debug|Win32
		{5B009E14-0711-47AD-A653-9FBA9E249457}.Debug|x86.Build.0 = Debug|Win32
		{5B009E14-0711-47AD-A653-9FBA9E249457}.Release|x64.ActiveCfg = Release|x64
		{5B009E14-0711-47AD-A653-9FBA9E249457}.Release|x64.Build.0 = Release|x64
		{5B009E14-0711-47AD-A653-9FBA9E249457}.Release|x86.ActiveCfg = Release|Win32
		{5B009E14-0711-47AD-A653-9FBA9E249457}.Release|x86.Build.0 = Release|Win32
		{9C96ADC7-233D-42FF-AA98-B428FBC78F4B}.Debug|x64.ActiveCfg = Debug|x64
		{9C96ADC7-233D-42FF-AA98-B428FBC78F4B}.Debug|x64.Build.0 = Debug|x64
		{9C96ADC7-233D-42FF-AA98-B428FBC78F4B}.Debug|x86.ActiveCfg = Debug|Win32
		{9C96ADC7-233D-42FF-AA98-B428FBC78F4B}.Debug|x86.Build.0 = Debug|Win32
		{9C96ADC7-233D-42FF-AA98-B428FBC78F4B}.Release|x64.ActiveCfg = Release|x64
		{9C96ADC7-233D-42FF-AA98-B428FBC78F4B}.Release|x64.Build.0 = Release|x64
		{9C96ADC7-233D-42FF-AA98-B428FBC78F4B}.Release|x86.ActiveCfg = Release|Win32
		{9C96ADC7-233D-42FF-AA98-B428FBC78F4B}.Release|x86.Build.0 = Release|Win32
		{0E916014-182B-4888-92ED-67F834865374}.Debug|x64.ActiveCfg = Debug|x64
		{0E916014-182B-4888-92ED-67F834865374}.Debug|x64.Build.0 = Debug|x64
		{0E916014-182B-4888-92ED-67F834865374}.Debug|x86.ActiveCfg = Debug|Win32
		{0E916014-182B-4888-92ED-67F834865374}.Debug|x86.Build.0 = Debug|Win32
		{0E916014-182B-4888-92ED-67F834865374}.Release|x64.ActiveCfg = Release|x64
		{0E916014-182B-4888-92ED-67F834865374}.Release|x64.Build.0 = Release|x64
		{0E916014-182B-4888-92ED-67F834865374}.Release|x86.ActiveCfg = Release|Win32
		{0E916014-182B-4888-92ED-67F834865374}.Release|x86.Build.0 = Release|Win32
		{D1484598-0755-4389-939C-1890CB14A34A}.Debug|x64.ActiveCfg = Debug|x64
		{D1484598-0755-4389-939C-1890CB14A34A}.Debug|x64.Build.0 = Debug|x64
		{D1484598-0755-4389-939C-1890CB14A34A}.Debug|x86.ActiveCfg = Debug|Win32
		{D1484598-0755-4389-939C-1890CB14A34A}.Debug|x86.Build.0 = Debug|Win32
		{D1484598-0755-4389-939C-1890CB14A34A}.Release|x64.ActiveCfg = Release|x64
		{D1484598-0755-4389-939C-1890CB14A34A}.Release|x64.Build.0 = Release|x64
		{D1484598-0755-4389-939C-1890CB14A34A}.Release|x86.ActiveCfg = Release|Win32
		{D1484598-0755-4389-939C-1890CB14A34A}.Release|x86.Build.0 = Release|Win32
		{94C2177E-FCFE-4969-840D-6AEA47288203}.Debug|x64.ActiveCfg = Debug|x64
		{94C2177E-FCFE-4969-840D-6AEA47288203}.Debug|x64.Build.0 = Debug|x64
		{94C2177E-FCFE-4969-840D-6AEA47288203}.Debug|x86.ActiveCfg = Debug|Win32
		{94C2177E-FCFE-4969-840D-6AEA47288203}.Debug|x86.Build.0 = Debug|Win32
		{94C2177E-FCFE-4969-840D-6AEA47288203}.Release|x64.ActiveCfg = Release|x64
		{94C2177E-FCFE-4969-840D-6AEA47288203}.Release|x64.Build.0 = Release|x64
		{94C2177E-FCFE-4969-840D-6AEA47288203}.Release|x86.ActiveCfg = Release|Win32
		{94C2177E-FCFE-4969-840D-6AEA47288203}.Release|x86.Build.0 = Release|Win32
		{0B454D52-791F-448B-888C-E348037314A2}.Debug|x64.ActiveCfg = Debug|x64
		{0B454D52-791F-448B-888C-E348037314A2}.Debug|x64.Build.0 = Debug|x64
		{0B454D52-791F-448B-888C-E348037314A2}.Debug|x86.ActiveCfg = Debug|Win32
		{0B454D52-791F-448B-888C-E348037314A2}.Debug|x86.Build.0 = Debug|Win32
		{0B454D52-791F-448B-888C-E348037314A2}.Release|x64.ActiveCfg = Release|x64
		{0B454D52-791F-448B-888C-E348037314A2}.Release|x64.Build.0 = Release|x64
		{0B454D52-791F-448B-888C-E348037314A2}.Release|x86.ActiveCfg = Release|Win32
		{0B454D52-791F-448B-888C-E348037314A2}.Release|x86.Build.0 = Release|Win32
		{935894A3-45A3-4ACA-83B6-04AE64E2B010}.Debug|x64.ActiveCfg = Debug|x64
		{935894A3-45A3-4ACA-83B6-04AE64E2B010}.Debug|x64.Build.0 = Debug|x64
		{935894A3-45A3-4ACA-83B6-04AE64E2B010}.Debug|x86.ActiveCfg = Debug|Win32
		{935894A3-45A3-4ACA-83B6-04AE64E2B010}.Debug|x86.Build.0 = Debug|Win32
		{935894A3-45A3-4ACA-83B6-04AE64E2B010}.Release|x64.ActiveCfg = Release|x64
		{935894A3-45A3-4ACA-83B6-04AE64E2B010}.Release|x64.Build.0 = Release|x64
		{935894A3-45A3-4ACA-83B6-04AE64E2B010}.Release|x86.ActiveCfg = Release|Win32
		{935894A3-45A3-4ACA-83B6-04AE64E2B010}.Release|x86.Build.0 = Release|Win32
		{4C6B8878-BEEC-4365-BB9B-CD1315FCC2DA}.Debug|x64.ActiveCfg = Debug|x64
		{4C6B8878-BEEC-4365-BB9B-CD1315FCC2DA}.Debug|x64.Build.0 = Debug|x64
		{4C6B8878-BEEC-4365-BB9B-CD1315FCC2DA}.Debug|x86.ActiveCfg = Debug|Win32
		{4C6B8878-BEEC-4365-BB9B-CD1315FCC2DA}.Debug|x86.Build.0 = Debug|Win32
		{4C6B8878-BEEC-4365-BB9B-CD1315FCC2DA}.Release|x64.ActiveCfg = Release|x64
		{4C6B8878-BEEC-4365-BB9B-CD1315FCC2DA}.Release|x64.Build.0 = Release|x64
		{4C6B8878-BEEC-4365-BB9B-CD1315FCC2DA}.Release|x86.ActiveCfg = Release|Win32
		{4C6B8878-BEEC-4365-BB9B-CD1315FCC2DA}.Release|x86.Build.0 = Release|Win32
		{F25D2F2B-D5EB-47F3-9CCE-2E7603818B09}.Debug|x64.ActiveCfg = Debug|x64
		{F25D2F2B-D5EB-47F3-9CCE-2E7603818B09}.Debug|x64.Build.0 = Debug|x64
		{F25D2F2B-D5EB-47F3-9CCE-2E7603818B09}.Debug|x86.ActiveCfg = Debug|Win32
		{F25D2F2B-D5EB-47F3-9CCE-2E7603818B09}.Debug|x86.Build.0 = Debug|Win32
		{F25D2F2B-D5EB-47F3-9CCE-2E7603818B09}.Release|x64.ActiveCfg = Release|x64
		{F25D2F2B-D5EB-47F3-9CCE-2E7603818B09}.Release|x64.Build.0 = Release|x64
		{F25D2F2B-D5EB-47F3-9CCE-2E7603818B09}.Release|x86.ActiveCfg = Release|Win32
		{F25D2F2B-D5EB-47F3-9CCE-2E7603818B09}.Release|x86.Build.0 = Release|Win32
		{C532C182-C992-4DA5-BE1D-79576CC633E7}.Debug|x64.ActiveCfg = Debug|x64
		{C532C182-C992-4DA5-BE1D-79576CC633E7}.Debug|x64.Build.0 = Debug|x64
		{C532C182-C992-4DA5-BE1D-79576CC633E7}.Debug|x86.ActiveCfg = Debug|Win32
		{C532C182-C992-4DA5-BE1D-79576CC633E7}.Debug|x86.Build.0 = Debug|Win32
		{C532C182-C992-4DA5-BE1D-79576CC633E7}.Release|x64.ActiveCfg = Release|x64
		{C532C182-C992-4DA5-BE1D-79576CC633E7}.Release|x64.Build.0 = Release|x64
		{C532C182-C992-4DA5-BE1D-79576CC633E7}.Release|x86.ActiveCfg = Release|Win32
		{C532C182-C992-4DA5-BE1D-79576CC633E7}.Release|x86.Build.0 = Release|Win32
		{BD620F31-A3A0-4B6E-9113-B0492981A5A5}.Debug|x64.ActiveCfg = Debug|x64
		{BD620F31-A3A0-4B6E-9113-B0492981A5A5}.Debug|x64.Build.0 = Debug|x64
		{BD620F31-A3A0-4B6E-9113-B0492981A5A5}.Debug|x86.ActiveCfg = Debug|Win32
		{BD620F31-A3A0-4B6E-9113-B0492981A5A5}.Debug|x86.Build.0 = Debug|Win32
		{BD620F31-A3A0-4B6E-9113-B0492981A5A5}.Release|x64.ActiveCfg = Release|x64
		{BD620F31-A3A0-4B6E-9113-B0492981A5A5}.Release|x64.Build.0 = Release|x64
		{BD620F31-A3A0-4B6E-9113-B0492981A5A5}.Release|x86.ActiveCfg = Release|Win32
		{BD620F31-A3A0-4B6E-9113-B0492981A5A5}.Release|x86.Build.0 = Release|Win32
		{4CA5DDDC-41A7-43BC-B8D9-EF5B6DCD81EF}.Debug|x64.ActiveCfg = Debug|x64
		{4CA5DDDC-41A7-43BC-B8D9-EF5B6DCD81EF}.Debug|x64.Build.0 = Debug|x64
		{4CA5DDDC-41A7-43BC-B8D9-EF5B6DCD81EF}.Debug|x86.ActiveCfg = Debug|Win32
		{4CA5DDDC-41A7-43BC-B8D9-EF5B6DCD81EF}.Debug|x86.Build.0 = Debug|Win32
		{4CA5DDDC-41A7-43BC-B8D9-EF5B6DCD81EF}.Release|x64.ActiveCfg = Release|x64
		{4CA5DDDC-41A7-43BC-B8D9-EF5B6DCD81EF}.Release|x64.Build.0 = Release|x64
		{4CA5DDDC-41A7-43BC-B8D9-EF5B6DCD81EF}.Release|x86.ActiveCfg = Release|Win32
		{4CA5DDDC-41A7-43BC-B8D9-EF5B6DCD81EF}.Release|x86.Build.0 = Release|Win32
		{65537E86-23D6-43BE-8FA1-FC0B16FF8034}.Debug|x64.ActiveCfg = Debug|x64
		{65537E86-23D6-43BE-8FA1-FC0B16FF8034}.Debug|x64.Build.0 = Debug|x64
		{65537E86-23D6-43BE-8FA1-FC0B16FF8034}.Debug|x86.ActiveCfg = Debug|Win32
		{65537E86-23D6-43BE-8FA1-FC0B16FF8034}.Debug|x86.Build.0 = Debug|Win32
		{65537E86-23D6-43BE-8FA1-FC0B16FF8034}.Release|x64.ActiveCfg = Release|x64
		{65537E86-23D6-43BE-8FA1-FC0B16FF8034}.Release|x64.Build.0 = Release|x64
		{65537E86-23D6-43BE-8FA1-FC0B16FF8034}.Release|x86.ActiveCfg = Release|Win32
		{65537E86-23D6-43BE-8FA1-FC0B16FF8034}.Release|x86.Build.0 = Release|Win32
		{78283B4D-FDD6-45AE-96E9-9BFEF6AE0208}.Debug|x64.ActiveCfg = Debug|x64
		{78283B4D-FDD6-45AE-96E9-9BFEF6AE0208}.Debug|x64.Build.0 = Debug|x64
		{78283B4D-FDD6-45AE-96E9-9BFEF6AE0208}.Debug|x86.ActiveCfg = Debug|Win32
		{78283B4D-FDD6-45AE-96E9-9BFEF6AE0208}.Debug|x86.Build.0 = Debug|Win32
		{78283B4D-FDD6-45AE-96E9-9BFEF6AE0208}.Release|x64.ActiveCfg = Release|x64
		{78283B4D-FDD6-45AE-96E9-9BFEF6AE0208}.Release|x64.Build.0 = Release|x64
		{78283B4D-FDD6-45AE-96E9-9BFEF6AE0208}.Release|x86.ActiveCfg = Release|Win32
		{78283B4D-FDD6-45AE-96E9-9BFEF6AE0208}.Release|x86.Build.0 = Release|Win32
		{F5456908-47DE-458C-8F36-22FE4717F7A5}.Debug|x64.ActiveCfg = Debug|x64
		{F5456908-47DE-458C-8F36-22FE4717F7A5}.Debug|x64.Build.0 = Debug|x64
		{F5456908-47DE-458C-8F36-22FE4717F7A5}.Debug|x86.ActiveCfg = Debug|Win32
		{F5456908-47DE-458C-8F36-22FE4717F7A5}.Debug|x86.Build.0 = Debug|Win32
		{F5456908-47DE-458C-8F36-22FE4717F7A5}.Release|x64.ActiveCfg = Release|x64
		{F5456908-47DE-458C-8F36-22FE4717F7A5}.Release|x64.Build.0 = Release|x64
		{F5456908-47DE-458C-8F36-22FE4717F7A5}.Release|x86.ActiveCfg = Release|Win32
		{F5456908-47DE-458C-8F36-22FE4717F7A5}.Release|x86.Build.0 = Release|Win32
		{1FEFB74A-F80F-438E-A069-3AFF8177ECEB}.Debug|x64.ActiveCfg = Debug|x64
		{1FEFB74A-F80F-438E-A069-3AFF8177ECEB}.Debug|x64.Build.0 = Debug|x64
		{1FEFB74A-F80F-438E-A069-3AFF8177ECEB}.Debug|x86.ActiveCfg = Debug|Win32
		{1FEFB74A-F80F-438E-A069-3AFF8177ECEB}.Debug|x86.Build.0 = Debug|Win32
		{1FEFB74A-F80F-438E-A069-3AFF8177ECEB}.Release|x64.ActiveCfg = Release|x64
		{1FEFB74A-F80F-438E-A069-3AFF8177ECEB}.Release|x64.Build.0 = Release|x64
		{1FEFB74A-F80F-438E-A069-3AFF8177ECEB}.Release|x86.ActiveCfg = Release|Win32
		{1FEFB74A-F80F-438E-A069-3AFF8177ECEB}.Release|x86.Build.0 = Release|Win32
		{0E2D051E-B42E-47C2-A293-A963ABE0FA87}.Debug|x64.ActiveCfg = Debug|x64
		{0E2D051E-B42E-47C2-A293-A963ABE0FA87}.Debug|x64.Build.0 = Debug|x64
		{0E2D051E-B42E-47C2-A293-A963ABE0FA87}.Debug|x86.ActiveCfg = Debug|Win32
		{0E2D051E-B42E-47C2-A293-A963ABE0FA87}.Debug|x86.Build.0 = Debug|Win32
		{0E2D051E-B42E-47C2-A293-A963ABE0FA87}.Release|x64.ActiveCfg = Release|x64
		{0E2D051E-B42E-47C2-A293-A963ABE0FA87}.Release|x64.Build.0 = Release|x64
		{0E2D051E-B42E-47C2-A293-A963ABE0FA87}.Release|x86.ActiveCfg = Release|Win32
		{0E2D051E-B42E-47C2-A293-A963ABE0FA87}.Release|x86.Build.0 = Release|Win32
		{DA39034B-6692-4344-AEBE-60B1672DF69B}.Debug|x64.ActiveCfg = Debug|x64
		{DA39034B-6692-4344-AEBE-60B1672DF69B}.Debug|x64.Build.0 = Debug|x64
		{DA39034B-6692-4344-AEBE-60B1672DF69B}.Debug|x86.ActiveCfg = Debug|Win32
		{DA39034B-6692-4344-AEBE-60B1672DF69B}.Debug|x86.Build.0 = Debug|Win32
		{DA39034B-6692-4344-AEBE-60B1672DF69B}.Release|x64.ActiveCfg = Release|x64
		{DA39034B-6692-4344-AEBE-60B1672DF69B}.Release|x64.Build.0 = Release|x64
		{DA39034B-6692-4344-AEBE-60B1672DF69B}.Release|x86.ActiveCfg = Release|Win32
		{DA39034B-6692-4344-AEBE-60B1672DF69B}.Release|x86.Build.0 = Release|Win32
		{FB22D201-1E47-46D9-B896-976364648E27}.Debug|x64.ActiveCfg = Debug|x64
		{FB22D201-1E47-46D9-B896-976364648E27}.Debug|x64.Build.0 = Debug|x64
		{FB22D201-1E47-46D9-B896-976364648E27}.Debug|x86.ActiveCfg = Debug|Win32
		{FB22D201-1E47-46D9-B896-976364648E27}.Debug|x86.Build.0 = Debug|Win32
		{FB22D201-1E47-46D9-B896-976364648E27}.Release|x64.ActiveCfg = Release|x64
		{FB22D201-1E47-46D9-B896-976364648E27}.Release|x64.Build.0 = Release|x64
		{FB22D201-1E47-46D9-B896-976364648E27}.Release|x86.ActiveCfg = Release|Win32
		{FB22D201-1E47-46D9-B896-976364648E27}.Release|x86.Build.0 = Release|Win32
		{5DB5B61F-1F43-4750-A938-9277A09F67D9}.Debug|x64.ActiveCfg = Debug|x64
		{5DB5B61F-1F43-4750-A938-9277A09F67D9}.Debug|x64.Build.0 = Debug|x64
		{5DB5B61F-1F43-4750-A938-9277A09F67D9}.Debug|x86.ActiveCfg = Debug|Win32
		{5DB5B61F-1F43-4750-A938-9277A09F67D9}.Debug|x86.Build.0 = Debug|Win32
		{5DB5B61F-1F43-4750-A938-9277A09F67D9}.Release|x64.ActiveCfg = Release|x64
		{5DB5B61F-1F43-4750-A938-9277A09F67D9}.Release|x64.Build.0 = Release|x64
		{5DB5B61F-1F43-4750-A938-9277A09F67D9}.Release|x86.ActiveCfg = Release|Win32
		{5DB5B61F-1F43-4750-A938-9277A09F67D9}.Release|x86.Build.0 = Release|Win32
		{64608FB7-FC02-4CF6-914F-32C5DB609C09}.Debug|x64.ActiveCfg = Debug|x64
		{64608FB7-FC02-4CF6-914F-32C5DB609C09}.Debug|x64.Build.0 = Debug|x64
		{64608FB7-FC02-4CF6-914F-32C5DB609C09}.Debug|x86.ActiveCfg = Debug|Win32
		{64608FB7-FC02-4CF6-914F-32C5DB609C09}.Debug|x86.Build.0 = Debug|Win32
		{64608FB7-FC02-4CF6-914F-32C5DB609C09}.Release|x64.ActiveCfg = Release|x64
		{64608FB7-FC02-4CF6-914F-32C5DB609C09}.Release|x64.Build.0 = Release|x64
		{64608FB7-FC02-4CF6-914F-32C5DB609C09}.Release|x86.ActiveCfg = Release|Win32
		{64608FB7-FC02-4CF6-914F-32C5DB609C09}.Release|x86.Build.0 = Release|Win32
		{B3E3594E-8A2E-495D-9BDE-8B31336F43DE}.Debug|x64.ActiveCfg = Debug|x64
		{B3E3594E-8A2E-495D-9BDE-8B31336F43DE}.Debug|x64.Build.0 = Debug|x64
		{B3E3594E-8A2E-495D-9BDE-8B31336F43DE}.Debug|x86.ActiveCfg = Debug|Win32
		{B3E3594E-8A2E-495D-9BDE-8B31336F43DE}.Debug|x86.Build.0 = Debug|Win32
		{B3E3594E-8A2E-495D-9BDE-8B31336F43DE}.Release|x64.ActiveCfg = Release|x64
		{B3E3594E-8A2E-495D-9BDE-8B31336F43DE}.Release|x64.Build.0 = Release|x64
		{B3E3594E-8A2E-495D-9BDE-8B31336F43DE}.Release|x86.ActiveCfg = Release|Win32
		{B3E3594E-8A2E-495D-9BDE-8B31336F43DE}.Release|x86.Build.0 = Release|Win32
		{FBD6B64F-115E-465F-909F-5D1F20345056}.Debug|x64.ActiveCfg = Debug|x64
		{FBD6B64F-115E-465F-909F-5D1F20345056}.Debug|x64.Build.0 = Debug|x64
		{FBD6B64F-115E-465F-909F-5D1F20345056}.Debug|x86.ActiveCfg = Debug|Win32
		{FBD6B64F-115E-465F-909F-5D1F20345056}.Debug|x86.Build.0 = Debug|Win32
		{FBD6B64F-115E-465F-909F-5D1F20345056}.Release|x64.ActiveCfg = Release|x64
		{FBD6B64F-115E-465F-909F-5D1F20345056}.Release|x64.Build.0 = Release|x64
		{FBD6B64F-115E-465F-909F-5D1F20345056}.Release|x86.ActiveCfg = Release|Win32
		{FBD6B64F-115E-465F-909F-5D1F20345056}.Release|x86.Build.0 = Release|Win32
		{39B1C8F0-BF7E-48D3-B54F-ED86538B7514}.Debug|x64.ActiveCfg = Debug|x64
		{39B1C8F0-BF7E-48D3-B54F-ED86538B7514}.Debug|x64.Build.0 = Debug|x64
		{39B1C8F0-BF7E-48D3-B54F-ED86538B7514}.Debug|x86.ActiveCfg = Debug|Win32
		{39B1C8F0-BF7E-48D3-B54F-ED86538B7514}.Debug|x86.Build.0 = Debug|Win32
		{39B1C8F0-BF7E-48D3-B54F-ED86538B7514}.Release|x64.ActiveCfg = Release|x64
		{39B1C8F0-BF7E-48D3-B54F-ED86538B7514}.Release|x64.Build.0 = Release|x64
		{39B1C8F0-BF7E-48D3-B54F-ED86538B7514}.Release|x86.ActiveCfg = Release|Win32
		{39B1C8F0-BF7E-48D3-B54F-ED86538B7514}.Release|x86.Build.0 = Release|Win32
		{D3910780-374B-4E4C-B47B-BE995F7C560F}.Debug|x64.ActiveCfg = Debug|x64
		{D3910780-374B-4E4C-B47B-BE995F7C560F}.Debug|x64.Build.0 = Debug|x64
		{D3910780-374B-4E4C-B47B-BE995F7C560F}.Debug|x86.ActiveCfg = Debug|Win32
		{D3910780-374B-4E4C-B47B-BE995F7C560F}.Debug|x86.Build.0 = Debug|Win32
		{D3910780-374B-4E4C-B47B-BE995F7C560F}.Release|x64.ActiveCfg = Release|x64
		{D3910780-374B-4E4C-B47B-BE995F7C560F}.Release|x64.Build.0 = Release|x64
		{D3910780-374B-4E4C-B47B-BE995F7C560F}.Release|x86.ActiveCfg = Release|Win32
		{D3910780-374B-4E4C-B47B-BE995F7C560F}.Release|x86.Build.0 = Release|Win32
		{D98A8092-AF42-4F3C-9955-22FD4FF0B819}.Debug|x64.ActiveCfg = Debug|x64
		{D98A8092-AF42-4F3C-9955-22FD4FF0B819}.Debug|x64.Build.0 = Debug|x64
		{D98A8092-AF42-4F3C-9955-22FD4FF0B819}.Debug|x86.ActiveCfg = Debug|Win32
		{D98A8092-AF42-4F3C-9955-22FD4FF0B819}.Debug|x86.Build.0 = Debug|Win32
		{D98A8092-AF42-4F3C-9955-22FD4FF0B819}.Release|x64.ActiveCfg = Release|x64
		{D98A8092-AF42-4F3C-9955-22FD4FF0B819}.Release|x64.Build.0 = Release|x64
		{D98A8092-AF42-4F3C-9955-22FD4FF0B819}.Release|x86.ActiveCfg = Release|Win32
		{D98A8092-AF42-4F3C-9955-22FD4FF0B819}.Release|x86.Build.0 = Release|Win32
		{24E65762-7701-4A98-9CC9-A137741A1D1E}.Debug|x64.ActiveCfg = Debug|x64
		{24E65762-7701-4A98-9CC9-A137741A1D1E}.Debug|x64.Build.0 = Debug|x64
		{24E65762-7701-4A98-9CC9-A137741A1D1E}.Debug|x86.ActiveCfg = Debug|Win32
		{24E65762-7701-4A98-9CC9-A137741A1D1E}.Debug|x86.Build.0 = Debug|Win32
		{24E65762-7701-4A98-9CC9-A137741A1D1E}.Release|x64.ActiveCfg = Release|x64
		{24E65762-7701-4A98-9CC9-A137741A1D1E}.Release|x64.Build.0 = Release|x64
		{24E65762-7701-4A98-9CC9-A137741A1D1E}.Release|x86.ActiveCfg = Release|Win32
		{24E65762-7701-4A98-9CC9-A137741A1D1E}.Release|x86.Build.0 = Release|Win32
		{85BDD92D-F740-4DE3-ACA2-239299F2CA2E}.Debug|x64.ActiveCfg = Debug|x64
		{85BDD92D-F740-4DE3-ACA2-239299F2CA2E}.Debug|x64.Build.0 = Debug|x64
		{85BDD92D-F740-4DE3-ACA2-239299F2CA2E}.Debug|x86.ActiveCfg = Debug|Win32
		{85BDD92D-F740-4DE3-ACA2-239299F2CA2E}.Debug|x86.Build.0 = Debug|Win32
		{85BDD92D-F740-4DE3-ACA2-239299F2CA2E}.Release|x64.ActiveCfg = Release|x64
		{85BDD92D-F740-4DE3-ACA2-239299F2CA2E}.Release|x64.Build.0 = Release|x64
		{85BDD92D-F740-4DE3-ACA2-239299F2CA2E}.Release|x86.ActiveCfg = Release|Win32
		{85BDD92D-F740-4DE3-ACA2-239299F2CA2E}.Release|x86.Build.0 = Release|Win32
		{A0A2C205-4282-4F5C-B53C-246F5EE5AA5A}.Debug|x64.ActiveCfg = Debug|x64
		{A0A2C205-4282-4F5C-B53C-246F5EE5AA5A}.Debug|x64.Build.0 = Debug|x64
		{A0A2C205-4282-4F5C-B53C-246F5EE5AA5A}.Debug|x86.ActiveCfg = Debug|Win32
		{A0A2C205-4282-4F5C-B53C-246F5EE5AA5A}.Debug|x86.Build.0 = Debug|Win32
		{A0A2C205-4282-4F5C-B53C-246F5EE5AA5A}.Release|x64.ActiveCfg = Release|x64
		{A0A2C205-4282-4F5C-B53C-246F5EE5AA5A}.Release|x64.Build.0 = Release|x64
		{A0A2C205-4282-4F5C-B53C-246F5EE5AA5A}.Release|x86.ActiveCfg = Release|Win32
		{A0A2C205-4282-4F5C-B53C-246F5EE5AA5A}.Release|x86.Build.0 = Release|Win32
		{FD50CD2A-09A8-43ED-8503-3A993B89A90E}.Debug|x64.ActiveCfg = Debug|x64
		{FD50CD2A-09A8-43ED-8503-3A993B89A90E}.Debug|x64.Build.0 = Debug|x64
		{FD50CD2A-09A8-43ED-8503-3A993B89A90E}.Debug|x86.ActiveCfg = Debug|Win32
		{FD50CD2A-09A8-43ED-8503-3A993B89A90E}.Debug|x86.Build.0 = Debug|Win32
		{FD50CD2A-09A8-43ED-8503-3A993B89A90E}.Release|x64.ActiveCfg = Release|x64
		{FD50CD2A-09A8-43ED-8503-3A993B89A90E}.Release|x64.Build.0 = Release|x64
		{FD50CD2A-09A8-43ED-8503-3A993B89A90E}.Release|x86.ActiveCfg = Release|Win32
		{FD50CD2A-09A8-43ED-8503-3A993B89A90E}.Release|x86.Build.0 = Release|Win32
		{0FE04BB1-50AE-4C9C-AC7B-F233B59F0287}.Debug|x64.ActiveCfg = Debug|x64
		{0FE04BB1-50AE-4C9C-AC7B-F233B59F0287}.Debug|x64.Build.0 = Debug|x64
		{0FE04BB1-50AE-4C9C-AC7B-F233B59F0287}.Debug|x86.ActiveCfg = Debug|Win32
		{0FE04BB1-50AE-4C9C-AC7B-F233B59F0287}.Debug|x86.Build.0 = Debug|Win32
		{0FE04BB1-50AE-4C9C-AC7B-F233B59F0287}.Release|x64.ActiveCfg = Release|x64
		{0FE04BB1-50AE-4C9C-AC7B-F233B59F0287}.Release|x64.Build.0 = Release|x64
		{0FE04BB1-50AE-4C9C-AC7B-F233B59F0287}.Release|x86.ActiveCfg = Release|Win32
		{0FE04BB1-50AE-4C9C-AC7B-F233B59F0287}.Release|x86.Build.0 = Release|Win32
		{D67F3F1C-3511-4DC7-9990-705CA02D501D}.Debug|x64.ActiveCfg = Debug|x64
		{D67F3F1C-3511-4DC7-9990-705CA02D501D}.Debug|x64.Build.0 = Debug|x64
		{D67F3F1C-3511-4DC7-9990-705CA02D501D}.Debug|x86.ActiveCfg = Debug|Win32
		{D67F3F1C-3511-4DC7-9990-705CA02D501D}.Debug|x86.Build.0 = Debug|Win32
		{D67F3F1C-3511-4DC7-9990-705CA02D501D}.Release|x64.ActiveCfg = Release|x64
		{D67F3F1C-3511-4DC7-9990-705CA02D501D}.Release|x64.Build.0 = Release|x64
		{D67F3F1C-3511-4DC7-9990-705CA02D501D}.Release|x86.ActiveCfg = Release|Win32
		{D67F3F1C-3511-4DC7-9990-705CA02D501D}.Release|x86.Build.0 = Release|Win32
		{73C463E5-4CD1-40CD-8934-64BBD61F9BA6}.Debug|x64.ActiveCfg = Debug|x64
		{73C463E5-4CD1-40CD-8934-64BBD61F9BA6}.Debug|x64.Build.0 = Debug|x64
		{73C463E5-4CD1-40CD-8934-64BBD61F9BA6}.Debug|x86.ActiveCfg = Debug|Win32
		{73C463E5-4CD1-40CD-8934-64BBD61F9BA6}.Debug|x86.Build.0 = Debug|Win32
		{73C463E5-4CD1-40CD-8934-64BBD61F9BA6}.Release|x64.ActiveCfg = Release|x64
		{73C463E5-4CD1-40CD-8934-64BBD61F9BA6}.Release|x64.Build.0 = Release|x64
		{73C463E5-4CD1-40CD-8934-64BBD61F9BA6}.Release|x86.ActiveCfg = Release|Win32
		{73C463E5-4CD1-40CD-8934-64BBD61F9BA6}.Release|x86.Build.0 = Release|Win32
		{C1F8FB28-5F4A-4445-A554-A608F17F512D}.Debug|x64.ActiveCfg = Debug|x64
		{C1F8FB28-5F4A-4445-A554-A608F17F512D}.Debug|x64.Build.0 = Debug|x64
		{C1F8FB28-5F4A-4445-A554-A608F17F512D}.Debug|x86.ActiveCfg = Debug|Win32
		{C1F8FB28-5F4A-4445-A554-A608F17F512D}.Debug|x86.Build.0 = Debug|Win32
		{C1F8FB28-5F4A-4445-A554-A608F17F512D}.Release|x64.ActiveCfg = Release|x64
		{C1F8FB28-5F4A-4445-A554-A608F17F512D}.Release|x64.Build.0 = Release|x64
		{C1F8FB28-5F4A-4445-A554-A608F17F512D}.Release|x86.ActiveCfg = Release|Win32
		{C1F8FB28-5F4A-4445-A554-A608F17F512D}.Release|x86.Build.0 = Release|Win32
		{4B3873FD-7176-4158-8056-B5D682E9B2CA}.Debug|x64.ActiveCfg = Debug|x64
		{4B3873FD-7176-4158-8056-B5D682E9B2CA}.Debug|x64.Build.0 = Debug|x64
		{4B3873FD-7176-4158-8056-B5D682E9B2CA}.Debug|x86.ActiveCfg = Debug|Win32
		{4B3873FD-7176-4158-8056-B5D682E9B2CA}.Debug|x86.Build.0 = Debug|Win32
		{4B3873FD-7176-4158-8056-B5D682E9B2CA}.Release|x64.ActiveCfg = Release|x64
		{4B3873FD-7176-4158-8056-B5D682E9B2CA}.Release|x64.Build.0 = Release|x64
		{4B3873FD-7176-4158-8056-B5D682E9B2CA}.Release|x86.ActiveCfg = Release|Win32
		{4B3873FD-7176-4158-8056-B5D682E9B2CA}.Release|x86.Build.0 = Release|Win32
		{3F2FF6A8-75F0-4FCE-B15D-85BA709D2F45}.Debug|x64.ActiveCfg = Debug|x64
		{3F2FF6A8-75F0-4FCE-B15D-85BA709D2F45}.Debug|x64.Build.0 = Debug|x64
		{3F2FF6A8-75F0-4FCE-B15D-85BA709D2F45}.Debug|x86.ActiveCfg = Debug|Win32
		{3F2FF6A8-75F0-4FCE-B15D-85BA709D2F45}.Debug|x86.Build.0 = Debug|Win32
		{3F2FF6A8-75F0-4FCE-B15D-85BA709D2F45}.Release|x64.ActiveCfg = Release|x64
		{3F2FF6A8-75F0-4FCE-B15D-85BA709D2F45}.Release|x64.Build.0 = Release|x64
		{3F2FF6A8-75F0-4FCE-B15D-85BA709D2F45}.Release|x86.ActiveCfg = Release|Win32
		{3F2FF6A8-75F0-4FCE-B15D-85BA709D2F45}.Release|x86.Build.0 = Release|Win32
		{82A89E96-0011-4BD7-BBBF-7CA3DB72F44A}.Debug|x64.ActiveCfg = Debug|x64
		{82A89E96-0011-4BD7-BBBF-7CA3DB72F44A}.Debug|x64.Build.0 = Debug|x64
		{82A89E96-0011-4BD7-BBBF-7CA3DB72F44A}.Debug|x86.ActiveCfg = Debug|Win32
		{82A89E96-0011-4BD7-BBBF-7CA3DB72F44A}.Debug|x86.Build.0 = Debug|Win32
		{82A89E96-0011-4BD7-BBBF-7CA3DB72F44A}.Release|x64.ActiveCfg = Release|x64
		{82A89E96-0011-4BD7-BBBF-7CA3DB72F44A}.Release|x64.Build.0 = Release|x64
		{82A89E96-0011-4BD7-BBBF-7CA3DB72F44A}.Release|x86.ActiveCfg = Release|Win32
		{82A89E96-0011-4BD7-BBBF-7CA3DB72F44A}.Release|x86.Build.0 = Release|Win32
		{EC5A3448-CF39-43AA-8387-995FBD2D3C86}.Debug|x64.ActiveCfg = Debug|x64
		{EC5A3448-CF39-43AA-8387-995FBD2D3C86}.Debug|x64.Build.0 = Debug|x64
		{EC5A3448-CF39-43AA-8387-995FBD2D3C86}.Debug|x86.ActiveCfg = Debug|Win32
		{EC5A3448-CF39-43AA-8387-995FBD2D3C86}.Debug|x86.Build.0 = Debug|Win32
		{EC5A3448-CF39-43AA-8387-995FBD2D3C86}.Release|x64.ActiveCfg = Release|x64
		{EC5A3448-CF39-43AA-8387-995FBD2D3C86}.Release|x64.Build.0 = Release|x64
		{EC5A3448-CF39-43AA-8387-995FBD2D3C86}.Release|x86.ActiveCfg = Release|Win32
		{EC5A3448-CF39-43AA-8387-995FBD2D3C86}.Release|x86.Build.0 = Release|Win32
		{3A18BBC7-AE98-4F6F-B4EF-40802F04307D}.Debug|x64.ActiveCfg = Debug|x64
		{3A18BBC7-AE98-4F6F-B4EF-40802F04307D}.Debug|x64.Build.0 = Debug|x64
		{3A18BBC7-AE98-4F6F-B4EF-40802F04307D}.Debug|x86.ActiveCfg = Debug|Win32
		{3A18BBC7-AE98-4F6F-B4EF-40802F04307D}.Debug|x86.Build.0 = Debug|Win32
		{3A18BBC7-AE98-4F6F-B4EF-40802F04307D}.Release|x64.ActiveCfg = Release|x64
		{3A18BBC7-AE98-4F6F-B4EF-40802F04307D}.Release|x64.Build.0 = Release|x64
		{3A18BBC7-AE98-4F6F-B4EF-40802F04307D}.Release|x86.ActiveCfg = Release|Win32
		{3A18BBC7-AE98-4F6F-B4EF-40802F04307D}.Release|x86.Build.0 = Release|Win32
		{9702B063-586C-4790-A3DF-02FDD0A10395}.Debug|x64.ActiveCfg = Debug|x64
		{9702B063-586C-4790-A3DF-02FDD0A10395}.Debug|x64.Build.0 = Debug|x64
		{9702B063-586C-4790-A3DF-02FDD0A10395}.Debug|x86.ActiveCfg = Debug|Win32
		{9702B063-586C-4790-A3DF-02FDD0A10395}.Debug|x86.Build.0 = Debug|Win32
		{9702B063-586C-4790-A3DF-02FDD0A10395}.Release|x64.ActiveCfg = Release|x64
		{9702B063-586C-4790-A3DF-02FDD0A10395}.Release|x64.Build.0 = Release|x64
		{9702B063-586C-4790-A3DF-02FDD0A10395}.Release|x86.ActiveCfg = Release|Win32
		{9702B063-586C-4790-A3DF-02FDD0A10395}.Release|x86.Build.0 = Release|Win32
		{7354F5A2-0070-4920-9680-DEACE68C8ABA}.Debug|x64.ActiveCfg = Debug|x64
		{7354F5A2-0070-4920-9680-DEACE68C8ABA}.Debug|x64.Build.0 = Debug|x64
		{7354F5A2-0070-4920-9680-DEACE68C8ABA}.Debug|x86.ActiveCfg = Debug|Win32
		{7354F5A2-0070-4920-9680-DEACE68C8ABA}.Debug|x86.Build.0 = Debug|Win32
		{7354F5A2-0070-4920-9680-DEACE68C8ABA}.Release|x64.ActiveCfg = Release|x64
		{7354F5A2-0070-4920-9680-DEACE68C8ABA}.Release|x64.Build.0 = Release|x64
		{7354F5A2-0070-4920-9680-DEACE68C8ABA}.Release|x86.ActiveCfg = Release|Win32
		{7354F5A2-0070-4920-9680-DEACE68C8ABA}.Release|x86.Build.0 = Release|Win32
		{EA3D63B3-6DA9-4C27-B51D-11F95A953085}.Debug|x64.ActiveCfg = Debug|x64
		{EA3D63B3-6DA9-4C27-B51D-11F95A953085}.Debug|x64.Build.0 = Debug|x64
		{EA3D63B3-6DA9-4C27-B51D-11F95A953085}.Debug|x86.ActiveCfg = Debug|Win32
		{EA3D63B3-6DA9-4C27-B51D-11F95A953085}.Debug|x86.Build.0 = Debug|Win32
		{EA3D63B3-6DA9-4C27-B51D-11F95A953085}.Release|x64.ActiveCfg = Release|x64
		{EA3D63B3-6DA9-4C27-B51D-11F95A953085}.Release|x64.Build.0 = Release|x64
		{EA3D63B3-6DA9-4C27-B51D-11F95A953085}.Release|x86.ActiveCfg = Release|Win32
		{EA3D63B3-6DA9-4C27-B51D-11F95A953085}.Release|x86.Build.0 = Release|Win32
		{F430D5B2-C3ED-4D3E-BA0D-ECCCB714CFF0}.Debug|x64.ActiveCfg = Debug|x64
		{F430D5B2-C3ED-4D3E-BA0D-ECCCB714CFF0}.Debug|x64.Build.0 = Debug|x64
		{F430D5B2-C3ED-4D3E-BA0D-ECCCB714CFF0}.Debug|x86.ActiveCfg = Debug|Win32
		{F430D5B2-C3ED-4D3E-BA0D-ECCCB714CFF0}.Debug|x86.Build.0 = Debug|Win32
		{F430D5B2-C3ED-4D3E-BA0D-ECCCB714CFF0}.Release|x64.ActiveCfg = Release|x64
		{F430D5B2-C3ED-4D3E-BA0D-ECCCB714CFF0}.Release|x64.Build.0 = Release|x64
		{F430D5B2-C3ED-4D3E-BA0D-ECCCB714CFF0}.Release|x86.ActiveCfg = Release|Win32
		{F430D5B2-C3ED-4D3E-BA0D-ECCCB714CFF0}.Release|x86.Build.0 = Release|Win32
		{5FDC8FE0-616E-4713-9F4A-A392947A7FCC}.Debug|x64.ActiveCfg = Debug|x64
		{5FDC8FE0-616E-4713-9F4A-A392947A7FCC}.Debug|x64.Build.0 = Debug|x64
		{5FDC8FE0-616E-4713-9F4A-A392947A7FCC}.Debug|x86.ActiveCfg = Debug|Win32
		{5FDC8FE0-616E-4713-9F4A-A392947A7FCC}.Debug|x86.Build.0 = Debug|Win32
		{5FDC8FE0-616E-4713-9F4A-A392947A7FCC}.Release|x64.ActiveCfg = Release|x64
		{5FDC8FE0-616E-4713-9F4A-A392947A7FCC}.Release|x64.Build.0 = Release|x64
		{5FDC8FE0-616E-4713-9F4A-A392947A7FCC}.Release|x86.ActiveCfg = Release|Win32
		{5FDC8FE0-616E-4713-9F4A-A392947A7FCC}.Release|x86.Build.0 = Release|Win32
		{835A0944-D570-4489-B157-AF5F67C66CEC}.Debug|x64.ActiveCfg = Debug|x64
		{835A0944-D570-4489-B157-AF5F67C66CEC}.Debug|x64.Build.0 = Debug|x64
		{835A0944-D570-4489-B157-AF5F67C66CEC}.Debug|x86.ActiveCfg = Debug|Win32
		{835A0944-D570-4489-B157-AF5F67C66CEC}.Debug|x86.Build.0 = Debug|Win32
		{835A0944-D570-4489-B157-AF5F67C66CEC}.Release|x64.ActiveCfg = Release|x64
		{835A0944-D570-4489-B157-AF5F67C66CEC}.Release|x64.Build.0 = Release|x64
		{835A0944-D570-4489-B157-AF5F67C66CEC}.Release|x86.ActiveCfg = Release|Win32
		{835A0944-D570-4489-B157-AF5F67C66CEC}.Release|x86.Build.0 = Release|Win32
		{0B641346-1F67-4064-BDF7-6907006C48FC}.Debug|x64.ActiveCfg = Debug|x64
		{0B641346-1F67-4064-BDF7-6907006C48FC}.Debug|x64.Build.0 = Debug|x64
		{0B641346-1F67-4064-BDF7-6907006C48FC}.Debug|x86.ActiveCfg = Debug|Win32
		{0B641346-1F67-4064-BDF7-6907006C48FC}.Debug|x86.Build.0 = Debug|Win32
		{0B641346-1F67-4064-BDF7-6907006C48FC}.Release|x64.ActiveCfg = Release|x64
		{0B641346-1F67-4064-BDF7-6907006C48FC}.Release|x64.Build.0 = Release|x64
		{0B641346-1F67-4064-BDF7-6907006C48FC}.Release|x86.ActiveCfg = Release|Win32
		{0B641346-1F67-4064-BDF7-6907006C48FC}.Release|x86.Build.0 = Release|Win32
		{B6B2D75F-4984-4708-9D9A-CF0A4BCD89AC}.Debug|x64.ActiveCfg = Debug|x64
		{B6B2D75F-4984-4708-9D9A-CF0A4BCD89AC}.Debug|x64.Build.0 = Debug|x64
		{B6B2D75F-4984-4708-9D9A-CF0A4BCD89AC}.Debug|x86.ActiveCfg = Debug|Win32
		{B6B2D75F-4984-4708-9D9A-CF0A4BCD89AC}.Debug|x86.Build.0 = Debug|Win32
		{B6B2D75F-4984-4708-9D9A-CF0A4BCD89AC}.Release|x64.ActiveCfg = Release|x64
		{B6B2D75F-4984-4708-9D9A-CF0A4BCD89AC}.Release|x64.Build.0 = Release|x64
		{B6B2D75F-4984-4708-9D9A-CF0A4BCD89AC}.Release|x86.ActiveCfg = Release|Win32
		{B6B2D75F-4984-4708-9D9A-CF0A4BCD89AC}.Release|x86.Build.0 = Release|Win32
		{10E77D5D-E0E7-4E4C-96A0-C66EFD4CFA61}.Debug|x64.ActiveCfg = Debug|x64
		{10E77D5D-E0E7-4E4C-96A0-C66EFD4CFA61}.Debug|x64.Build.0 = Debug|x64
		{10E77D5D-E0E7-4E4C-96A0-C66EFD4CFA61}.Debug|x86.ActiveCfg = Debug|Win32
		{10E77D5D-E0E7-4E4C-96A0-C66EFD4CFA61}.Debug|x86.Build.0 = Debug|Win32
		{10E77D5D-E0E7-4E4C-96A0-C66EFD4CFA61}.Release|x64.ActiveCfg = Release|x64
		{10E77D5D-E0E7-4E4C-96A0-C66EFD4CFA61}.Release|x64.Build.0 = Release|x64
		{10E77D5D-E0E7-4E4C-96A0-C66EFD4CFA61}.Release|x86.ActiveCfg = Release|Win32
		{10E77D5D-E0E7-4E4C-96A0-C66EFD4CFA61}.Release|x86.Build.0 = Release|Win32
		{6868063D-BA96-4069-9DB6-100E4ECA5C8D}.Debug|x64.ActiveCfg = Debug|x64
		{6868063D-BA96-4069-9DB6-100E4ECA5C8D}.Debug|x64.Build.0 = Debug|x64
		{6868063D-BA96-4069-9DB6-100E4ECA5C8D}.Debug|x86.ActiveCfg = Debug|Win32
		{6868063D-BA96-4069-9DB6-100E4ECA5C8D}.Debug|x86.Build.0 = Debug|Win32
		{6868063D-BA96-4069-9DB6-100E4ECA5C8D}.Release|x64.ActiveCfg = Release|x64
		{6868063D-BA96-4069-9DB6-100E4ECA5C8D}.Release|x64.Build.0 = Release|x64
		{6868063D-BA96-4069-9DB6-100E4ECA5C8D}.Release|x86.ActiveCfg = Release|Win32
		{6868063D-BA96-4069-9DB6-100E4ECA5C8D}.Release|x86.Build.0 = Release|Win32
		{42319A2B-3537-47AF-964B-73804BABA4BF}.Debug|x64.ActiveCfg = Debug|x64
		{42319A2B-3537-47AF-964B-73804BABA4BF}.Debug|x64.Build.0 = Debug|x64
		{42319A2B-3537-47AF-964B-73804BABA4BF}.Debug|x86.ActiveCfg = Debug|Win32
		{42319A2B-3537-47AF-964B-73804BABA4BF}.Debug|x86.Build.0 = Debug|Win32
		{42319A2B-3537-47AF-964B-73804BABA4BF}.Release|x64.ActiveCfg = Release|x64
		{42319A2B-3537-47AF-964B-73804BABA4BF}.Release|x64.Build.0 = Release|x64
		{42319A2B-3537-47AF-964B-73804BABA4BF}.Release|x86.ActiveCfg = Release|Win32
		{42319A2B-3537-47AF-964B-73804BABA4BF}.Release|x86.Build.0 = Release|Win32
		{96F6E636-8E12-49D1-A7C8-1EDFC04B4C11}.Debug|x64.ActiveCfg = Debug|x64
		{96F6E636-8E12-49D1-A7C8-1EDFC04B4C11}.Debug|x64.Build.0 = Debug|x64
		{96F6E636-8E12-49D1-A7C8-1EDFC04B4C11}.Debug|x86.ActiveCfg = Debug|Win32
		{96F6E636-8E12-49D1-A7C8-1EDFC04B4C11}.Debug|x86.Build.0 = Debug|Win32
		{96F6E636-8E12-49D1-A7C8-1EDFC04B4C11}.Release|x64.ActiveCfg = Release|x64
		{96F6E636-8E12-49D1-A7C8-1EDFC04B4C11}.Release|x64.Build.0 = Release|x64
		{96F6E636-8E12-49D1-A7C8-1EDFC04B4C11}.Release|x86.ActiveCfg = Release|Win32
		{96F6E636-8E12-49D1-A7C8-1EDFC04B4C11}.Release|x86.Build.0 = Release|Win32
		{09E5E269-6CF5-4821-9C0C-554A216EBB47}.Debug|x64.ActiveCfg = Debug|x64
		{09E5E269-6CF5-4821-9C0C-554A216EBB47}.Debug|x64.Build.0 = Debug|x64
		{09E5E269-6CF5-4821-9C0C-554A216EBB47}.Debug|x86.ActiveCfg = Debug|Win32
		{09E5E269-6CF5-4821-9C0C-554A216EBB47}.Debug|x86.Build.0 = Debug|Win32
		{09E5E269-6CF5-4821-9C0C-554A216EBB47}.Release|x64.ActiveCfg = Release|x64
		{09E5E269-6CF5-4821-9C0C-554A216EBB47}.Release|x64.Build.0 = Release|x64
		{09E5E269-6CF5-4821-9C0C-554A216EBB47}.Release|x86.ActiveCfg = Release|Win32
		{09E5E269-6CF5-4821-9C0C-554A216EBB47}.Release|x86.Build.0 = Release|Win32
	EndGlobalSection
	GlobalSection(SolutionProperties) = preSolution
		HideSolutionNode = FALSE
	EndGlobalSection
	GlobalSection(ExtensibilityGlobals) = postSolution
		SolutionGuid = {02F04FB1-8E23-4726-B522-431130E3189C}
	EndGlobalSection
EndGlobal
