
Microsoft Visual Studio Solution File, Format Version 12.00
# Visual Studio Version 16
VisualStudioVersion = 16.0.30711.63
MinimumVisualStudioVersion = 10.0.40219.1
Project("{8BC9CEB8-8B4A-11D0-8D11-00A0C91BC942}") = "Bai001", "Bai001\Bai001.vcxproj", "{84D39AB3-F2F7-42A5-8CEC-1617A69EADCB}"
EndProject
Project("{8BC9CEB8-8B4A-11D0-8D11-00A0C91BC942}") = "Bai002", "Bai002\Bai002.vcxproj", "{8AF3C726-DD76-47FC-9A97-A03613CC377C}"
EndProject
Project("{8BC9CEB8-8B4A-11D0-8D11-00A0C91BC942}") = "Bai003", "Bai003\Bai003.vcxproj", "{B5FB42F3-266B-4609-9E9B-1FB932420525}"
EndProject
Project("{8BC9CEB8-8B4A-11D0-8D11-00A0C91BC942}") = "Bai004", "Bai004\Bai004.vcxproj", "{D18BFC1D-C0E1-41DE-A2FE-D9944A0AB141}"
EndProject
Project("{8BC9CEB8-8B4A-11D0-8D11-00A0C91BC942}") = "Bai005", "Bai005\Bai005.vcxproj", "{E0A0E888-6F62-433A-BE03-94FB8E052F05}"
EndProject
Project("{8BC9CEB8-8B4A-11D0-8D11-00A0C91BC942}") = "Bai006", "Bai006\Bai006.vcxproj", "{F046CFFF-4C3F-4536-8E59-B3C0131CD617}"
EndProject
Project("{8BC9CEB8-8B4A-11D0-8D11-00A0C91BC942}") = "Bai007", "Bai007\Bai007.vcxproj", "{EA37E0F3-1347-4A1A-A49B-4C791ECCD3B9}"
EndProject
Project("{8BC9CEB8-8B4A-11D0-8D11-00A0C91BC942}") = "Bai008", "Bai008\Bai008.vcxproj", "{3B3DA9F1-C733-4520-BFD2-DFAA08039A0B}"
EndProject
Project("{8BC9CEB8-8B4A-11D0-8D11-00A0C91BC942}") = "Bai009", "Bai009\Bai009.vcxproj", "{E8E742CE-7A70-44D8-BE43-7B81F55DFCE5}"
EndProject
Project("{8BC9CEB8-8B4A-11D0-8D11-00A0C91BC942}") = "Bai010", "Bai010\Bai010.vcxproj", "{6F435578-65CE-49D5-A276-9892F07420AE}"
EndProject
Project("{8BC9CEB8-8B4A-11D0-8D11-00A0C91BC942}") = "Bai011", "Bai011\Bai011.vcxproj", "{0D710E6D-05E8-4F7B-BDEF-6DF446CBBB2A}"
EndProject
Project("{8BC9CEB8-8B4A-11D0-8D11-00A0C91BC942}") = "Bai012", "Bai012\Bai012.vcxproj", "{A814AD48-FA4A-4AD4-BBF4-94945FD10C58}"
EndProject
Project("{8BC9CEB8-8B4A-11D0-8D11-00A0C91BC942}") = "Bai013", "Bai013\Bai013.vcxproj", "{4F82368D-112A-4311-AD2D-ABA11E567E68}"
EndProject
Project("{8BC9CEB8-8B4A-11D0-8D11-00A0C91BC942}") = "DIEM", "DIEM\DIEM.vcxproj", "{66FCBF82-B0D6-4FF6-AD80-D25F5C02CD61}"
EndProject
Project("{8BC9CEB8-8B4A-11D0-8D11-00A0C91BC942}") = "DIEMKHONGGIAN", "DIEMKHONGGIAN\DIEMKHONGGIAN.vcxproj", "{B795C9AD-7236-4978-B440-EFC741AD741F}"
EndProject
Project("{8BC9CEB8-8B4A-11D0-8D11-00A0C91BC942}") = "DUONGTHANG", "DUONGTHANG\DUONGTHANG.vcxproj", "{B1622817-13B1-4A59-A555-5A714D252E6A}"
EndProject
Project("{8BC9CEB8-8B4A-11D0-8D11-00A0C91BC942}") = "PHANSO", "PHANSO\PHANSO.vcxproj", "{0C406A35-1CA9-41BF-B791-4E0B205B11AA}"
EndProject
Project("{8BC9CEB8-8B4A-11D0-8D11-00A0C91BC942}") = "HONSO", "HONSO\HONSO.vcxproj", "{10DA56A2-B22C-4972-958D-4AD8B3F47E3E}"
EndProject
Project("{8BC9CEB8-8B4A-11D0-8D11-00A0C91BC942}") = "SOPHUC", "SOPHUC\SOPHUC.vcxproj", "{1DA2435B-005F-4175-9F17-922E312A735A}"
EndProject
Project("{8BC9CEB8-8B4A-11D0-8D11-00A0C91BC942}") = "THOIGIAN", "THOIGIAN\THOIGIAN.vcxproj", "{21847490-4ED5-48FF-A958-7335C1F21323}"
EndProject
Project("{8BC9CEB8-8B4A-11D0-8D11-00A0C91BC942}") = "DONTHUC", "DONTHUC\DONTHUC.vcxproj", "{21FF8908-12C8-4632-B566-D7D8C1F518AB}"
EndProject
Project("{8BC9CEB8-8B4A-11D0-8D11-00A0C91BC942}") = "DUONGTRON", "DUONGTRON\DUONGTRON.vcxproj", "{7B6C9FB2-45BC-4BF1-8AF1-F0B83A52A005}"
EndProject
Project("{8BC9CEB8-8B4A-11D0-8D11-00A0C91BC942}") = "HINHCAU", "HINHCAU\HINHCAU.vcxproj", "{7356D00B-ED23-4F16-9FDF-7AFF2A8A225A}"
EndProject
Project("{8BC9CEB8-8B4A-11D0-8D11-00A0C91BC942}") = "TAMGIAC", "TAMGIAC\TAMGIAC.vcxproj", "{5019EFCF-1077-4DC1-8256-B13E0BDD5C4A}"
EndProject
Project("{8BC9CEB8-8B4A-11D0-8D11-00A0C91BC942}") = "NGAY", "NGAY\NGAY.vcxproj", "{33621893-BE4F-4A02-BFE0-E63502E62E92}"
EndProject
Project("{8BC9CEB8-8B4A-11D0-8D11-00A0C91BC942}") = "DATHUC", "DATHUC\DATHUC.vcxproj", "{F9274E61-EF73-4A35-BC8C-04C24C65E52A}"
EndProject
Global
	GlobalSection(SolutionConfigurationPlatforms) = preSolution
		Debug|x64 = Debug|x64
		Debug|x86 = Debug|x86
		Release|x64 = Release|x64
		Release|x86 = Release|x86
	EndGlobalSection
	GlobalSection(ProjectConfigurationPlatforms) = postSolution
		{84D39AB3-F2F7-42A5-8CEC-1617A69EADCB}.Debug|x64.ActiveCfg = Debug|x64
		{84D39AB3-F2F7-42A5-8CEC-1617A69EADCB}.Debug|x64.Build.0 = Debug|x64
		{84D39AB3-F2F7-42A5-8CEC-1617A69EADCB}.Debug|x86.ActiveCfg = Debug|Win32
		{84D39AB3-F2F7-42A5-8CEC-1617A69EADCB}.Debug|x86.Build.0 = Debug|Win32
		{84D39AB3-F2F7-42A5-8CEC-1617A69EADCB}.Release|x64.ActiveCfg = Release|x64
		{84D39AB3-F2F7-42A5-8CEC-1617A69EADCB}.Release|x64.Build.0 = Release|x64
		{84D39AB3-F2F7-42A5-8CEC-1617A69EADCB}.Release|x86.ActiveCfg = Release|Win32
		{84D39AB3-F2F7-42A5-8CEC-1617A69EADCB}.Release|x86.Build.0 = Release|Win32
		{8AF3C726-DD76-47FC-9A97-A03613CC377C}.Debug|x64.ActiveCfg = Debug|x64
		{8AF3C726-DD76-47FC-9A97-A03613CC377C}.Debug|x64.Build.0 = Debug|x64
		{8AF3C726-DD76-47FC-9A97-A03613CC377C}.Debug|x86.ActiveCfg = Debug|Win32
		{8AF3C726-DD76-47FC-9A97-A03613CC377C}.Debug|x86.Build.0 = Debug|Win32
		{8AF3C726-DD76-47FC-9A97-A03613CC377C}.Release|x64.ActiveCfg = Release|x64
		{8AF3C726-DD76-47FC-9A97-A03613CC377C}.Release|x64.Build.0 = Release|x64
		{8AF3C726-DD76-47FC-9A97-A03613CC377C}.Release|x86.ActiveCfg = Release|Win32
		{8AF3C726-DD76-47FC-9A97-A03613CC377C}.Release|x86.Build.0 = Release|Win32
		{B5FB42F3-266B-4609-9E9B-1FB932420525}.Debug|x64.ActiveCfg = Debug|x64
		{B5FB42F3-266B-4609-9E9B-1FB932420525}.Debug|x64.Build.0 = Debug|x64
		{B5FB42F3-266B-4609-9E9B-1FB932420525}.Debug|x86.ActiveCfg = Debug|Win32
		{B5FB42F3-266B-4609-9E9B-1FB932420525}.Debug|x86.Build.0 = Debug|Win32
		{B5FB42F3-266B-4609-9E9B-1FB932420525}.Release|x64.ActiveCfg = Release|x64
		{B5FB42F3-266B-4609-9E9B-1FB932420525}.Release|x64.Build.0 = Release|x64
		{B5FB42F3-266B-4609-9E9B-1FB932420525}.Release|x86.ActiveCfg = Release|Win32
		{B5FB42F3-266B-4609-9E9B-1FB932420525}.Release|x86.Build.0 = Release|Win32
		{D18BFC1D-C0E1-41DE-A2FE-D9944A0AB141}.Debug|x64.ActiveCfg = Debug|x64
		{D18BFC1D-C0E1-41DE-A2FE-D9944A0AB141}.Debug|x64.Build.0 = Debug|x64
		{D18BFC1D-C0E1-41DE-A2FE-D9944A0AB141}.Debug|x86.ActiveCfg = Debug|Win32
		{D18BFC1D-C0E1-41DE-A2FE-D9944A0AB141}.Debug|x86.Build.0 = Debug|Win32
		{D18BFC1D-C0E1-41DE-A2FE-D9944A0AB141}.Release|x64.ActiveCfg = Release|x64
		{D18BFC1D-C0E1-41DE-A2FE-D9944A0AB141}.Release|x64.Build.0 = Release|x64
		{D18BFC1D-C0E1-41DE-A2FE-D9944A0AB141}.Release|x86.ActiveCfg = Release|Win32
		{D18BFC1D-C0E1-41DE-A2FE-D9944A0AB141}.Release|x86.Build.0 = Release|Win32
		{E0A0E888-6F62-433A-BE03-94FB8E052F05}.Debug|x64.ActiveCfg = Debug|x64
		{E0A0E888-6F62-433A-BE03-94FB8E052F05}.Debug|x64.Build.0 = Debug|x64
		{E0A0E888-6F62-433A-BE03-94FB8E052F05}.Debug|x86.ActiveCfg = Debug|Win32
		{E0A0E888-6F62-433A-BE03-94FB8E052F05}.Debug|x86.Build.0 = Debug|Win32
		{E0A0E888-6F62-433A-BE03-94FB8E052F05}.Release|x64.ActiveCfg = Release|x64
		{E0A0E888-6F62-433A-BE03-94FB8E052F05}.Release|x64.Build.0 = Release|x64
		{E0A0E888-6F62-433A-BE03-94FB8E052F05}.Release|x86.ActiveCfg = Release|Win32
		{E0A0E888-6F62-433A-BE03-94FB8E052F05}.Release|x86.Build.0 = Release|Win32
		{F046CFFF-4C3F-4536-8E59-B3C0131CD617}.Debug|x64.ActiveCfg = Debug|x64
		{F046CFFF-4C3F-4536-8E59-B3C0131CD617}.Debug|x64.Build.0 = Debug|x64
		{F046CFFF-4C3F-4536-8E59-B3C0131CD617}.Debug|x86.ActiveCfg = Debug|Win32
		{F046CFFF-4C3F-4536-8E59-B3C0131CD617}.Debug|x86.Build.0 = Debug|Win32
		{F046CFFF-4C3F-4536-8E59-B3C0131CD617}.Release|x64.ActiveCfg = Release|x64
		{F046CFFF-4C3F-4536-8E59-B3C0131CD617}.Release|x64.Build.0 = Release|x64
		{F046CFFF-4C3F-4536-8E59-B3C0131CD617}.Release|x86.ActiveCfg = Release|Win32
		{F046CFFF-4C3F-4536-8E59-B3C0131CD617}.Release|x86.Build.0 = Release|Win32
		{EA37E0F3-1347-4A1A-A49B-4C791ECCD3B9}.Debug|x64.ActiveCfg = Debug|x64
		{EA37E0F3-1347-4A1A-A49B-4C791ECCD3B9}.Debug|x64.Build.0 = Debug|x64
		{EA37E0F3-1347-4A1A-A49B-4C791ECCD3B9}.Debug|x86.ActiveCfg = Debug|Win32
		{EA37E0F3-1347-4A1A-A49B-4C791ECCD3B9}.Debug|x86.Build.0 = Debug|Win32
		{EA37E0F3-1347-4A1A-A49B-4C791ECCD3B9}.Release|x64.ActiveCfg = Release|x64
		{EA37E0F3-1347-4A1A-A49B-4C791ECCD3B9}.Release|x64.Build.0 = Release|x64
		{EA37E0F3-1347-4A1A-A49B-4C791ECCD3B9}.Release|x86.ActiveCfg = Release|Win32
		{EA37E0F3-1347-4A1A-A49B-4C791ECCD3B9}.Release|x86.Build.0 = Release|Win32
		{3B3DA9F1-C733-4520-BFD2-DFAA08039A0B}.Debug|x64.ActiveCfg = Debug|x64
		{3B3DA9F1-C733-4520-BFD2-DFAA08039A0B}.Debug|x64.Build.0 = Debug|x64
		{3B3DA9F1-C733-4520-BFD2-DFAA08039A0B}.Debug|x86.ActiveCfg = Debug|Win32
		{3B3DA9F1-C733-4520-BFD2-DFAA08039A0B}.Debug|x86.Build.0 = Debug|Win32
		{3B3DA9F1-C733-4520-BFD2-DFAA08039A0B}.Release|x64.ActiveCfg = Release|x64
		{3B3DA9F1-C733-4520-BFD2-DFAA08039A0B}.Release|x64.Build.0 = Release|x64
		{3B3DA9F1-C733-4520-BFD2-DFAA08039A0B}.Release|x86.ActiveCfg = Release|Win32
		{3B3DA9F1-C733-4520-BFD2-DFAA08039A0B}.Release|x86.Build.0 = Release|Win32
		{E8E742CE-7A70-44D8-BE43-7B81F55DFCE5}.Debug|x64.ActiveCfg = Debug|x64
		{E8E742CE-7A70-44D8-BE43-7B81F55DFCE5}.Debug|x64.Build.0 = Debug|x64
		{E8E742CE-7A70-44D8-BE43-7B81F55DFCE5}.Debug|x86.ActiveCfg = Debug|Win32
		{E8E742CE-7A70-44D8-BE43-7B81F55DFCE5}.Debug|x86.Build.0 = Debug|Win32
		{E8E742CE-7A70-44D8-BE43-7B81F55DFCE5}.Release|x64.ActiveCfg = Release|x64
		{E8E742CE-7A70-44D8-BE43-7B81F55DFCE5}.Release|x64.Build.0 = Release|x64
		{E8E742CE-7A70-44D8-BE43-7B81F55DFCE5}.Release|x86.ActiveCfg = Release|Win32
		{E8E742CE-7A70-44D8-BE43-7B81F55DFCE5}.Release|x86.Build.0 = Release|Win32
		{6F435578-65CE-49D5-A276-9892F07420AE}.Debug|x64.ActiveCfg = Debug|x64
		{6F435578-65CE-49D5-A276-9892F07420AE}.Debug|x64.Build.0 = Debug|x64
		{6F435578-65CE-49D5-A276-9892F07420AE}.Debug|x86.ActiveCfg = Debug|Win32
		{6F435578-65CE-49D5-A276-9892F07420AE}.Debug|x86.Build.0 = Debug|Win32
		{6F435578-65CE-49D5-A276-9892F07420AE}.Release|x64.ActiveCfg = Release|x64
		{6F435578-65CE-49D5-A276-9892F07420AE}.Release|x64.Build.0 = Release|x64
		{6F435578-65CE-49D5-A276-9892F07420AE}.Release|x86.ActiveCfg = Release|Win32
		{6F435578-65CE-49D5-A276-9892F07420AE}.Release|x86.Build.0 = Release|Win32
		{0D710E6D-05E8-4F7B-BDEF-6DF446CBBB2A}.Debug|x64.ActiveCfg = Debug|x64
		{0D710E6D-05E8-4F7B-BDEF-6DF446CBBB2A}.Debug|x64.Build.0 = Debug|x64
		{0D710E6D-05E8-4F7B-BDEF-6DF446CBBB2A}.Debug|x86.ActiveCfg = Debug|Win32
		{0D710E6D-05E8-4F7B-BDEF-6DF446CBBB2A}.Debug|x86.Build.0 = Debug|Win32
		{0D710E6D-05E8-4F7B-BDEF-6DF446CBBB2A}.Release|x64.ActiveCfg = Release|x64
		{0D710E6D-05E8-4F7B-BDEF-6DF446CBBB2A}.Release|x64.Build.0 = Release|x64
		{0D710E6D-05E8-4F7B-BDEF-6DF446CBBB2A}.Release|x86.ActiveCfg = Release|Win32
		{0D710E6D-05E8-4F7B-BDEF-6DF446CBBB2A}.Release|x86.Build.0 = Release|Win32
		{A814AD48-FA4A-4AD4-BBF4-94945FD10C58}.Debug|x64.ActiveCfg = Debug|x64
		{A814AD48-FA4A-4AD4-BBF4-94945FD10C58}.Debug|x64.Build.0 = Debug|x64
		{A814AD48-FA4A-4AD4-BBF4-94945FD10C58}.Debug|x86.ActiveCfg = Debug|Win32
		{A814AD48-FA4A-4AD4-BBF4-94945FD10C58}.Debug|x86.Build.0 = Debug|Win32
		{A814AD48-FA4A-4AD4-BBF4-94945FD10C58}.Release|x64.ActiveCfg = Release|x64
		{A814AD48-FA4A-4AD4-BBF4-94945FD10C58}.Release|x64.Build.0 = Release|x64
		{A814AD48-FA4A-4AD4-BBF4-94945FD10C58}.Release|x86.ActiveCfg = Release|Win32
		{A814AD48-FA4A-4AD4-BBF4-94945FD10C58}.Release|x86.Build.0 = Release|Win32
		{4F82368D-112A-4311-AD2D-ABA11E567E68}.Debug|x64.ActiveCfg = Debug|x64
		{4F82368D-112A-4311-AD2D-ABA11E567E68}.Debug|x64.Build.0 = Debug|x64
		{4F82368D-112A-4311-AD2D-ABA11E567E68}.Debug|x86.ActiveCfg = Debug|Win32
		{4F82368D-112A-4311-AD2D-ABA11E567E68}.Debug|x86.Build.0 = Debug|Win32
		{4F82368D-112A-4311-AD2D-ABA11E567E68}.Release|x64.ActiveCfg = Release|x64
		{4F82368D-112A-4311-AD2D-ABA11E567E68}.Release|x64.Build.0 = Release|x64
		{4F82368D-112A-4311-AD2D-ABA11E567E68}.Release|x86.ActiveCfg = Release|Win32
		{4F82368D-112A-4311-AD2D-ABA11E567E68}.Release|x86.Build.0 = Release|Win32
		{66FCBF82-B0D6-4FF6-AD80-D25F5C02CD61}.Debug|x64.ActiveCfg = Debug|x64
		{66FCBF82-B0D6-4FF6-AD80-D25F5C02CD61}.Debug|x64.Build.0 = Debug|x64
		{66FCBF82-B0D6-4FF6-AD80-D25F5C02CD61}.Debug|x86.ActiveCfg = Debug|Win32
		{66FCBF82-B0D6-4FF6-AD80-D25F5C02CD61}.Debug|x86.Build.0 = Debug|Win32
		{66FCBF82-B0D6-4FF6-AD80-D25F5C02CD61}.Release|x64.ActiveCfg = Release|x64
		{66FCBF82-B0D6-4FF6-AD80-D25F5C02CD61}.Release|x64.Build.0 = Release|x64
		{66FCBF82-B0D6-4FF6-AD80-D25F5C02CD61}.Release|x86.ActiveCfg = Release|Win32
		{66FCBF82-B0D6-4FF6-AD80-D25F5C02CD61}.Release|x86.Build.0 = Release|Win32
		{B795C9AD-7236-4978-B440-EFC741AD741F}.Debug|x64.ActiveCfg = Debug|x64
		{B795C9AD-7236-4978-B440-EFC741AD741F}.Debug|x64.Build.0 = Debug|x64
		{B795C9AD-7236-4978-B440-EFC741AD741F}.Debug|x86.ActiveCfg = Debug|Win32
		{B795C9AD-7236-4978-B440-EFC741AD741F}.Debug|x86.Build.0 = Debug|Win32
		{B795C9AD-7236-4978-B440-EFC741AD741F}.Release|x64.ActiveCfg = Release|x64
		{B795C9AD-7236-4978-B440-EFC741AD741F}.Release|x64.Build.0 = Release|x64
		{B795C9AD-7236-4978-B440-EFC741AD741F}.Release|x86.ActiveCfg = Release|Win32
		{B795C9AD-7236-4978-B440-EFC741AD741F}.Release|x86.Build.0 = Release|Win32
		{B1622817-13B1-4A59-A555-5A714D252E6A}.Debug|x64.ActiveCfg = Debug|x64
		{B1622817-13B1-4A59-A555-5A714D252E6A}.Debug|x64.Build.0 = Debug|x64
		{B1622817-13B1-4A59-A555-5A714D252E6A}.Debug|x86.ActiveCfg = Debug|Win32
		{B1622817-13B1-4A59-A555-5A714D252E6A}.Debug|x86.Build.0 = Debug|Win32
		{B1622817-13B1-4A59-A555-5A714D252E6A}.Release|x64.ActiveCfg = Release|x64
		{B1622817-13B1-4A59-A555-5A714D252E6A}.Release|x64.Build.0 = Release|x64
		{B1622817-13B1-4A59-A555-5A714D252E6A}.Release|x86.ActiveCfg = Release|Win32
		{B1622817-13B1-4A59-A555-5A714D252E6A}.Release|x86.Build.0 = Release|Win32
		{0C406A35-1CA9-41BF-B791-4E0B205B11AA}.Debug|x64.ActiveCfg = Debug|x64
		{0C406A35-1CA9-41BF-B791-4E0B205B11AA}.Debug|x64.Build.0 = Debug|x64
		{0C406A35-1CA9-41BF-B791-4E0B205B11AA}.Debug|x86.ActiveCfg = Debug|Win32
		{0C406A35-1CA9-41BF-B791-4E0B205B11AA}.Debug|x86.Build.0 = Debug|Win32
		{0C406A35-1CA9-41BF-B791-4E0B205B11AA}.Release|x64.ActiveCfg = Release|x64
		{0C406A35-1CA9-41BF-B791-4E0B205B11AA}.Release|x64.Build.0 = Release|x64
		{0C406A35-1CA9-41BF-B791-4E0B205B11AA}.Release|x86.ActiveCfg = Release|Win32
		{0C406A35-1CA9-41BF-B791-4E0B205B11AA}.Release|x86.Build.0 = Release|Win32
		{10DA56A2-B22C-4972-958D-4AD8B3F47E3E}.Debug|x64.ActiveCfg = Debug|x64
		{10DA56A2-B22C-4972-958D-4AD8B3F47E3E}.Debug|x64.Build.0 = Debug|x64
		{10DA56A2-B22C-4972-958D-4AD8B3F47E3E}.Debug|x86.ActiveCfg = Debug|Win32
		{10DA56A2-B22C-4972-958D-4AD8B3F47E3E}.Debug|x86.Build.0 = Debug|Win32
		{10DA56A2-B22C-4972-958D-4AD8B3F47E3E}.Release|x64.ActiveCfg = Release|x64
		{10DA56A2-B22C-4972-958D-4AD8B3F47E3E}.Release|x64.Build.0 = Release|x64
		{10DA56A2-B22C-4972-958D-4AD8B3F47E3E}.Release|x86.ActiveCfg = Release|Win32
		{10DA56A2-B22C-4972-958D-4AD8B3F47E3E}.Release|x86.Build.0 = Release|Win32
		{1DA2435B-005F-4175-9F17-922E312A735A}.Debug|x64.ActiveCfg = Debug|x64
		{1DA2435B-005F-4175-9F17-922E312A735A}.Debug|x64.Build.0 = Debug|x64
		{1DA2435B-005F-4175-9F17-922E312A735A}.Debug|x86.ActiveCfg = Debug|Win32
		{1DA2435B-005F-4175-9F17-922E312A735A}.Debug|x86.Build.0 = Debug|Win32
		{1DA2435B-005F-4175-9F17-922E312A735A}.Release|x64.ActiveCfg = Release|x64
		{1DA2435B-005F-4175-9F17-922E312A735A}.Release|x64.Build.0 = Release|x64
		{1DA2435B-005F-4175-9F17-922E312A735A}.Release|x86.ActiveCfg = Release|Win32
		{1DA2435B-005F-4175-9F17-922E312A735A}.Release|x86.Build.0 = Release|Win32
		{21847490-4ED5-48FF-A958-7335C1F21323}.Debug|x64.ActiveCfg = Debug|x64
		{21847490-4ED5-48FF-A958-7335C1F21323}.Debug|x64.Build.0 = Debug|x64
		{21847490-4ED5-48FF-A958-7335C1F21323}.Debug|x86.ActiveCfg = Debug|Win32
		{21847490-4ED5-48FF-A958-7335C1F21323}.Debug|x86.Build.0 = Debug|Win32
		{21847490-4ED5-48FF-A958-7335C1F21323}.Release|x64.ActiveCfg = Release|x64
		{21847490-4ED5-48FF-A958-7335C1F21323}.Release|x64.Build.0 = Release|x64
		{21847490-4ED5-48FF-A958-7335C1F21323}.Release|x86.ActiveCfg = Release|Win32
		{21847490-4ED5-48FF-A958-7335C1F21323}.Release|x86.Build.0 = Release|Win32
		{21FF8908-12C8-4632-B566-D7D8C1F518AB}.Debug|x64.ActiveCfg = Debug|x64
		{21FF8908-12C8-4632-B566-D7D8C1F518AB}.Debug|x64.Build.0 = Debug|x64
		{21FF8908-12C8-4632-B566-D7D8C1F518AB}.Debug|x86.ActiveCfg = Debug|Win32
		{21FF8908-12C8-4632-B566-D7D8C1F518AB}.Debug|x86.Build.0 = Debug|Win32
		{21FF8908-12C8-4632-B566-D7D8C1F518AB}.Release|x64.ActiveCfg = Release|x64
		{21FF8908-12C8-4632-B566-D7D8C1F518AB}.Release|x64.Build.0 = Release|x64
		{21FF8908-12C8-4632-B566-D7D8C1F518AB}.Release|x86.ActiveCfg = Release|Win32
		{21FF8908-12C8-4632-B566-D7D8C1F518AB}.Release|x86.Build.0 = Release|Win32
		{7B6C9FB2-45BC-4BF1-8AF1-F0B83A52A005}.Debug|x64.ActiveCfg = Debug|x64
		{7B6C9FB2-45BC-4BF1-8AF1-F0B83A52A005}.Debug|x64.Build.0 = Debug|x64
		{7B6C9FB2-45BC-4BF1-8AF1-F0B83A52A005}.Debug|x86.ActiveCfg = Debug|Win32
		{7B6C9FB2-45BC-4BF1-8AF1-F0B83A52A005}.Debug|x86.Build.0 = Debug|Win32
		{7B6C9FB2-45BC-4BF1-8AF1-F0B83A52A005}.Release|x64.ActiveCfg = Release|x64
		{7B6C9FB2-45BC-4BF1-8AF1-F0B83A52A005}.Release|x64.Build.0 = Release|x64
		{7B6C9FB2-45BC-4BF1-8AF1-F0B83A52A005}.Release|x86.ActiveCfg = Release|Win32
		{7B6C9FB2-45BC-4BF1-8AF1-F0B83A52A005}.Release|x86.Build.0 = Release|Win32
		{7356D00B-ED23-4F16-9FDF-7AFF2A8A225A}.Debug|x64.ActiveCfg = Debug|x64
		{7356D00B-ED23-4F16-9FDF-7AFF2A8A225A}.Debug|x64.Build.0 = Debug|x64
		{7356D00B-ED23-4F16-9FDF-7AFF2A8A225A}.Debug|x86.ActiveCfg = Debug|Win32
		{7356D00B-ED23-4F16-9FDF-7AFF2A8A225A}.Debug|x86.Build.0 = Debug|Win32
		{7356D00B-ED23-4F16-9FDF-7AFF2A8A225A}.Release|x64.ActiveCfg = Release|x64
		{7356D00B-ED23-4F16-9FDF-7AFF2A8A225A}.Release|x64.Build.0 = Release|x64
		{7356D00B-ED23-4F16-9FDF-7AFF2A8A225A}.Release|x86.ActiveCfg = Release|Win32
		{7356D00B-ED23-4F16-9FDF-7AFF2A8A225A}.Release|x86.Build.0 = Release|Win32
		{5019EFCF-1077-4DC1-8256-B13E0BDD5C4A}.Debug|x64.ActiveCfg = Debug|x64
		{5019EFCF-1077-4DC1-8256-B13E0BDD5C4A}.Debug|x64.Build.0 = Debug|x64
		{5019EFCF-1077-4DC1-8256-B13E0BDD5C4A}.Debug|x86.ActiveCfg = Debug|Win32
		{5019EFCF-1077-4DC1-8256-B13E0BDD5C4A}.Debug|x86.Build.0 = Debug|Win32
		{5019EFCF-1077-4DC1-8256-B13E0BDD5C4A}.Release|x64.ActiveCfg = Release|x64
		{5019EFCF-1077-4DC1-8256-B13E0BDD5C4A}.Release|x64.Build.0 = Release|x64
		{5019EFCF-1077-4DC1-8256-B13E0BDD5C4A}.Release|x86.ActiveCfg = Release|Win32
		{5019EFCF-1077-4DC1-8256-B13E0BDD5C4A}.Release|x86.Build.0 = Release|Win32
		{33621893-BE4F-4A02-BFE0-E63502E62E92}.Debug|x64.ActiveCfg = Debug|x64
		{33621893-BE4F-4A02-BFE0-E63502E62E92}.Debug|x64.Build.0 = Debug|x64
		{33621893-BE4F-4A02-BFE0-E63502E62E92}.Debug|x86.ActiveCfg = Debug|Win32
		{33621893-BE4F-4A02-BFE0-E63502E62E92}.Debug|x86.Build.0 = Debug|Win32
		{33621893-BE4F-4A02-BFE0-E63502E62E92}.Release|x64.ActiveCfg = Release|x64
		{33621893-BE4F-4A02-BFE0-E63502E62E92}.Release|x64.Build.0 = Release|x64
		{33621893-BE4F-4A02-BFE0-E63502E62E92}.Release|x86.ActiveCfg = Release|Win32
		{33621893-BE4F-4A02-BFE0-E63502E62E92}.Release|x86.Build.0 = Release|Win32
		{F9274E61-EF73-4A35-BC8C-04C24C65E52A}.Debug|x64.ActiveCfg = Debug|x64
		{F9274E61-EF73-4A35-BC8C-04C24C65E52A}.Debug|x64.Build.0 = Debug|x64
		{F9274E61-EF73-4A35-BC8C-04C24C65E52A}.Debug|x86.ActiveCfg = Debug|Win32
		{F9274E61-EF73-4A35-BC8C-04C24C65E52A}.Debug|x86.Build.0 = Debug|Win32
		{F9274E61-EF73-4A35-BC8C-04C24C65E52A}.Release|x64.ActiveCfg = Release|x64
		{F9274E61-EF73-4A35-BC8C-04C24C65E52A}.Release|x64.Build.0 = Release|x64
		{F9274E61-EF73-4A35-BC8C-04C24C65E52A}.Release|x86.ActiveCfg = Release|Win32
		{F9274E61-EF73-4A35-BC8C-04C24C65E52A}.Release|x86.Build.0 = Release|Win32
	EndGlobalSection
	GlobalSection(SolutionProperties) = preSolution
		HideSolutionNode = FALSE
	EndGlobalSection
	GlobalSection(ExtensibilityGlobals) = postSolution
		SolutionGuid = {A1872E6C-BB1E-47C6-8948-E160E612BD62}
	EndGlobalSection
EndGlobal
