
Microsoft Visual Studio Solution File, Format Version 12.00
# Visual Studio Version 16
VisualStudioVersion = 16.0.30711.63
MinimumVisualStudioVersion = 10.0.40219.1
Project("{8BC9CEB8-8B4A-11D0-8D11-00A0C91BC942}") = "Bai001", "Bai001\Bai001.vcxproj", "{8F9B3CB0-2EF4-4DF5-B312-6DC859A25167}"
EndProject
Project("{8BC9CEB8-8B4A-11D0-8D11-00A0C91BC942}") = "Bai002", "Bai002\Bai002.vcxproj", "{B35FCD1D-1FF2-4FD9-96AF-1EA6C6B20C14}"
EndProject
Project("{8BC9CEB8-8B4A-11D0-8D11-00A0C91BC942}") = "Bai005", "Bai005\Bai005.vcxproj", "{3492784F-55E8-4E79-85B7-CBDE11482CB3}"
EndProject
Project("{8BC9CEB8-8B4A-11D0-8D11-00A0C91BC942}") = "Bai006", "Bai006\Bai006.vcxproj", "{5FCF7D09-664B-46E4-BB56-0AE3A39857F7}"
EndProject
Project("{8BC9CEB8-8B4A-11D0-8D11-00A0C91BC942}") = "Bai007", "Bai007\Bai007.vcxproj", "{E14EC064-0C9A-46F9-89A5-420AB020AC78}"
EndProject
Project("{8BC9CEB8-8B4A-11D0-8D11-00A0C91BC942}") = "Bai008", "Bai008\Bai008.vcxproj", "{F35BF1BD-7BD0-44C6-8ADD-FA66A392C56D}"
EndProject
Project("{8BC9CEB8-8B4A-11D0-8D11-00A0C91BC942}") = "Bai009", "Bai009\Bai009.vcxproj", "{12140750-5C71-4A67-AE18-F8A7CFD2B182}"
EndProject
Project("{8BC9CEB8-8B4A-11D0-8D11-00A0C91BC942}") = "Bai010", "Bai010\Bai010.vcxproj", "{14AC6550-722A-453A-8AB5-E797EF57E3CE}"
EndProject
Project("{8BC9CEB8-8B4A-11D0-8D11-00A0C91BC942}") = "Bai011", "Bai011\Bai011.vcxproj", "{4CE3A6A9-645E-4D14-A4C8-5E40E9AA0361}"
EndProject
Project("{8BC9CEB8-8B4A-11D0-8D11-00A0C91BC942}") = "Bai012", "Bai012\Bai012.vcxproj", "{205F5397-6C02-4F1B-8FE3-38C076221D6E}"
EndProject
Project("{8BC9CEB8-8B4A-11D0-8D11-00A0C91BC942}") = "Bai013", "Bai013\Bai013.vcxproj", "{814D6847-F20B-4230-9C20-DB0FEAB77855}"
EndProject
Project("{8BC9CEB8-8B4A-11D0-8D11-00A0C91BC942}") = "Bai014", "Bai014\Bai014.vcxproj", "{938DE500-4101-44A7-8DA8-3CCA825CAE7D}"
EndProject
Project("{8BC9CEB8-8B4A-11D0-8D11-00A0C91BC942}") = "Bai015", "Bai015\Bai015.vcxproj", "{377BC45E-AF1D-4974-93B8-97BC51E7DD5B}"
EndProject
Project("{8BC9CEB8-8B4A-11D0-8D11-00A0C91BC942}") = "Bai016", "Bai016\Bai016.vcxproj", "{7E75AF88-36D6-4296-90E4-6AD3B8FFD797}"
EndProject
Project("{8BC9CEB8-8B4A-11D0-8D11-00A0C91BC942}") = "Bai017", "Bai017\Bai017.vcxproj", "{7EB2687E-CE53-4194-92E2-6DCC3B4EC942}"
EndProject
Project("{8BC9CEB8-8B4A-11D0-8D11-00A0C91BC942}") = "Bai018", "Bai018\Bai018.vcxproj", "{580BEDC8-166A-4781-9185-CF5BEB855A38}"
EndProject
Project("{8BC9CEB8-8B4A-11D0-8D11-00A0C91BC942}") = "Bai019", "Bai019\Bai019.vcxproj", "{B23F7B3D-6A84-414D-9385-846B63945073}"
EndProject
Project("{8BC9CEB8-8B4A-11D0-8D11-00A0C91BC942}") = "Bai020", "Bai020\Bai020.vcxproj", "{AF0BA91F-B0CB-4C51-BA0C-B3DBA352A4D0}"
EndProject
Project("{8BC9CEB8-8B4A-11D0-8D11-00A0C91BC942}") = "Bai003", "Bai003\Bai003.vcxproj", "{6C0132E9-DA34-4A9A-8AD6-F0E3A2A427AE}"
EndProject
Project("{8BC9CEB8-8B4A-11D0-8D11-00A0C91BC942}") = "Bai004", "Bai004\Bai004.vcxproj", "{697F7118-87DA-49BC-965F-554356B9CFBB}"
EndProject
Global
	GlobalSection(SolutionConfigurationPlatforms) = preSolution
		Debug|x64 = Debug|x64
		Debug|x86 = Debug|x86
		Release|x64 = Release|x64
		Release|x86 = Release|x86
	EndGlobalSection
	GlobalSection(ProjectConfigurationPlatforms) = postSolution
		{8F9B3CB0-2EF4-4DF5-B312-6DC859A25167}.Debug|x64.ActiveCfg = Debug|x64
		{8F9B3CB0-2EF4-4DF5-B312-6DC859A25167}.Debug|x64.Build.0 = Debug|x64
		{8F9B3CB0-2EF4-4DF5-B312-6DC859A25167}.Debug|x86.ActiveCfg = Debug|Win32
		{8F9B3CB0-2EF4-4DF5-B312-6DC859A25167}.Debug|x86.Build.0 = Debug|Win32
		{8F9B3CB0-2EF4-4DF5-B312-6DC859A25167}.Release|x64.ActiveCfg = Release|x64
		{8F9B3CB0-2EF4-4DF5-B312-6DC859A25167}.Release|x64.Build.0 = Release|x64
		{8F9B3CB0-2EF4-4DF5-B312-6DC859A25167}.Release|x86.ActiveCfg = Release|Win32
		{8F9B3CB0-2EF4-4DF5-B312-6DC859A25167}.Release|x86.Build.0 = Release|Win32
		{B35FCD1D-1FF2-4FD9-96AF-1EA6C6B20C14}.Debug|x64.ActiveCfg = Debug|x64
		{B35FCD1D-1FF2-4FD9-96AF-1EA6C6B20C14}.Debug|x64.Build.0 = Debug|x64
		{B35FCD1D-1FF2-4FD9-96AF-1EA6C6B20C14}.Debug|x86.ActiveCfg = Debug|Win32
		{B35FCD1D-1FF2-4FD9-96AF-1EA6C6B20C14}.Debug|x86.Build.0 = Debug|Win32
		{B35FCD1D-1FF2-4FD9-96AF-1EA6C6B20C14}.Release|x64.ActiveCfg = Release|x64
		{B35FCD1D-1FF2-4FD9-96AF-1EA6C6B20C14}.Release|x64.Build.0 = Release|x64
		{B35FCD1D-1FF2-4FD9-96AF-1EA6C6B20C14}.Release|x86.ActiveCfg = Release|Win32
		{B35FCD1D-1FF2-4FD9-96AF-1EA6C6B20C14}.Release|x86.Build.0 = Release|Win32
		{3492784F-55E8-4E79-85B7-CBDE11482CB3}.Debug|x64.ActiveCfg = Debug|x64
		{3492784F-55E8-4E79-85B7-CBDE11482CB3}.Debug|x64.Build.0 = Debug|x64
		{3492784F-55E8-4E79-85B7-CBDE11482CB3}.Debug|x86.ActiveCfg = Debug|Win32
		{3492784F-55E8-4E79-85B7-CBDE11482CB3}.Debug|x86.Build.0 = Debug|Win32
		{3492784F-55E8-4E79-85B7-CBDE11482CB3}.Release|x64.ActiveCfg = Release|x64
		{3492784F-55E8-4E79-85B7-CBDE11482CB3}.Release|x64.Build.0 = Release|x64
		{3492784F-55E8-4E79-85B7-CBDE11482CB3}.Release|x86.ActiveCfg = Release|Win32
		{3492784F-55E8-4E79-85B7-CBDE11482CB3}.Release|x86.Build.0 = Release|Win32
		{5FCF7D09-664B-46E4-BB56-0AE3A39857F7}.Debug|x64.ActiveCfg = Debug|x64
		{5FCF7D09-664B-46E4-BB56-0AE3A39857F7}.Debug|x64.Build.0 = Debug|x64
		{5FCF7D09-664B-46E4-BB56-0AE3A39857F7}.Debug|x86.ActiveCfg = Debug|Win32
		{5FCF7D09-664B-46E4-BB56-0AE3A39857F7}.Debug|x86.Build.0 = Debug|Win32
		{5FCF7D09-664B-46E4-BB56-0AE3A39857F7}.Release|x64.ActiveCfg = Release|x64
		{5FCF7D09-664B-46E4-BB56-0AE3A39857F7}.Release|x64.Build.0 = Release|x64
		{5FCF7D09-664B-46E4-BB56-0AE3A39857F7}.Release|x86.ActiveCfg = Release|Win32
		{5FCF7D09-664B-46E4-BB56-0AE3A39857F7}.Release|x86.Build.0 = Release|Win32
		{E14EC064-0C9A-46F9-89A5-420AB020AC78}.Debug|x64.ActiveCfg = Debug|x64
		{E14EC064-0C9A-46F9-89A5-420AB020AC78}.Debug|x64.Build.0 = Debug|x64
		{E14EC064-0C9A-46F9-89A5-420AB020AC78}.Debug|x86.ActiveCfg = Debug|Win32
		{E14EC064-0C9A-46F9-89A5-420AB020AC78}.Debug|x86.Build.0 = Debug|Win32
		{E14EC064-0C9A-46F9-89A5-420AB020AC78}.Release|x64.ActiveCfg = Release|x64
		{E14EC064-0C9A-46F9-89A5-420AB020AC78}.Release|x64.Build.0 = Release|x64
		{E14EC064-0C9A-46F9-89A5-420AB020AC78}.Release|x86.ActiveCfg = Release|Win32
		{E14EC064-0C9A-46F9-89A5-420AB020AC78}.Release|x86.Build.0 = Release|Win32
		{F35BF1BD-7BD0-44C6-8ADD-FA66A392C56D}.Debug|x64.ActiveCfg = Debug|x64
		{F35BF1BD-7BD0-44C6-8ADD-FA66A392C56D}.Debug|x64.Build.0 = Debug|x64
		{F35BF1BD-7BD0-44C6-8ADD-FA66A392C56D}.Debug|x86.ActiveCfg = Debug|Win32
		{F35BF1BD-7BD0-44C6-8ADD-FA66A392C56D}.Debug|x86.Build.0 = Debug|Win32
		{F35BF1BD-7BD0-44C6-8ADD-FA66A392C56D}.Release|x64.ActiveCfg = Release|x64
		{F35BF1BD-7BD0-44C6-8ADD-FA66A392C56D}.Release|x64.Build.0 = Release|x64
		{F35BF1BD-7BD0-44C6-8ADD-FA66A392C56D}.Release|x86.ActiveCfg = Release|Win32
		{F35BF1BD-7BD0-44C6-8ADD-FA66A392C56D}.Release|x86.Build.0 = Release|Win32
		{12140750-5C71-4A67-AE18-F8A7CFD2B182}.Debug|x64.ActiveCfg = Debug|x64
		{12140750-5C71-4A67-AE18-F8A7CFD2B182}.Debug|x64.Build.0 = Debug|x64
		{12140750-5C71-4A67-AE18-F8A7CFD2B182}.Debug|x86.ActiveCfg = Debug|Win32
		{12140750-5C71-4A67-AE18-F8A7CFD2B182}.Debug|x86.Build.0 = Debug|Win32
		{12140750-5C71-4A67-AE18-F8A7CFD2B182}.Release|x64.ActiveCfg = Release|x64
		{12140750-5C71-4A67-AE18-F8A7CFD2B182}.Release|x64.Build.0 = Release|x64
		{12140750-5C71-4A67-AE18-F8A7CFD2B182}.Release|x86.ActiveCfg = Release|Win32
		{12140750-5C71-4A67-AE18-F8A7CFD2B182}.Release|x86.Build.0 = Release|Win32
		{14AC6550-722A-453A-8AB5-E797EF57E3CE}.Debug|x64.ActiveCfg = Debug|x64
		{14AC6550-722A-453A-8AB5-E797EF57E3CE}.Debug|x64.Build.0 = Debug|x64
		{14AC6550-722A-453A-8AB5-E797EF57E3CE}.Debug|x86.ActiveCfg = Debug|Win32
		{14AC6550-722A-453A-8AB5-E797EF57E3CE}.Debug|x86.Build.0 = Debug|Win32
		{14AC6550-722A-453A-8AB5-E797EF57E3CE}.Release|x64.ActiveCfg = Release|x64
		{14AC6550-722A-453A-8AB5-E797EF57E3CE}.Release|x64.Build.0 = Release|x64
		{14AC6550-722A-453A-8AB5-E797EF57E3CE}.Release|x86.ActiveCfg = Release|Win32
		{14AC6550-722A-453A-8AB5-E797EF57E3CE}.Release|x86.Build.0 = Release|Win32
		{4CE3A6A9-645E-4D14-A4C8-5E40E9AA0361}.Debug|x64.ActiveCfg = Debug|x64
		{4CE3A6A9-645E-4D14-A4C8-5E40E9AA0361}.Debug|x64.Build.0 = Debug|x64
		{4CE3A6A9-645E-4D14-A4C8-5E40E9AA0361}.Debug|x86.ActiveCfg = Debug|Win32
		{4CE3A6A9-645E-4D14-A4C8-5E40E9AA0361}.Debug|x86.Build.0 = Debug|Win32
		{4CE3A6A9-645E-4D14-A4C8-5E40E9AA0361}.Release|x64.ActiveCfg = Release|x64
		{4CE3A6A9-645E-4D14-A4C8-5E40E9AA0361}.Release|x64.Build.0 = Release|x64
		{4CE3A6A9-645E-4D14-A4C8-5E40E9AA0361}.Release|x86.ActiveCfg = Release|Win32
		{4CE3A6A9-645E-4D14-A4C8-5E40E9AA0361}.Release|x86.Build.0 = Release|Win32
		{205F5397-6C02-4F1B-8FE3-38C076221D6E}.Debug|x64.ActiveCfg = Debug|x64
		{205F5397-6C02-4F1B-8FE3-38C076221D6E}.Debug|x64.Build.0 = Debug|x64
		{205F5397-6C02-4F1B-8FE3-38C076221D6E}.Debug|x86.ActiveCfg = Debug|Win32
		{205F5397-6C02-4F1B-8FE3-38C076221D6E}.Debug|x86.Build.0 = Debug|Win32
		{205F5397-6C02-4F1B-8FE3-38C076221D6E}.Release|x64.ActiveCfg = Release|x64
		{205F5397-6C02-4F1B-8FE3-38C076221D6E}.Release|x64.Build.0 = Release|x64
		{205F5397-6C02-4F1B-8FE3-38C076221D6E}.Release|x86.ActiveCfg = Release|Win32
		{205F5397-6C02-4F1B-8FE3-38C076221D6E}.Release|x86.Build.0 = Release|Win32
		{814D6847-F20B-4230-9C20-DB0FEAB77855}.Debug|x64.ActiveCfg = Debug|x64
		{814D6847-F20B-4230-9C20-DB0FEAB77855}.Debug|x64.Build.0 = Debug|x64
		{814D6847-F20B-4230-9C20-DB0FEAB77855}.Debug|x86.ActiveCfg = Debug|Win32
		{814D6847-F20B-4230-9C20-DB0FEAB77855}.Debug|x86.Build.0 = Debug|Win32
		{814D6847-F20B-4230-9C20-DB0FEAB77855}.Release|x64.ActiveCfg = Release|x64
		{814D6847-F20B-4230-9C20-DB0FEAB77855}.Release|x64.Build.0 = Release|x64
		{814D6847-F20B-4230-9C20-DB0FEAB77855}.Release|x86.ActiveCfg = Release|Win32
		{814D6847-F20B-4230-9C20-DB0FEAB77855}.Release|x86.Build.0 = Release|Win32
		{938DE500-4101-44A7-8DA8-3CCA825CAE7D}.Debug|x64.ActiveCfg = Debug|x64
		{938DE500-4101-44A7-8DA8-3CCA825CAE7D}.Debug|x64.Build.0 = Debug|x64
		{938DE500-4101-44A7-8DA8-3CCA825CAE7D}.Debug|x86.ActiveCfg = Debug|Win32
		{938DE500-4101-44A7-8DA8-3CCA825CAE7D}.Debug|x86.Build.0 = Debug|Win32
		{938DE500-4101-44A7-8DA8-3CCA825CAE7D}.Release|x64.ActiveCfg = Release|x64
		{938DE500-4101-44A7-8DA8-3CCA825CAE7D}.Release|x64.Build.0 = Release|x64
		{938DE500-4101-44A7-8DA8-3CCA825CAE7D}.Release|x86.ActiveCfg = Release|Win32
		{938DE500-4101-44A7-8DA8-3CCA825CAE7D}.Release|x86.Build.0 = Release|Win32
		{377BC45E-AF1D-4974-93B8-97BC51E7DD5B}.Debug|x64.ActiveCfg = Debug|x64
		{377BC45E-AF1D-4974-93B8-97BC51E7DD5B}.Debug|x64.Build.0 = Debug|x64
		{377BC45E-AF1D-4974-93B8-97BC51E7DD5B}.Debug|x86.ActiveCfg = Debug|Win32
		{377BC45E-AF1D-4974-93B8-97BC51E7DD5B}.Debug|x86.Build.0 = Debug|Win32
		{377BC45E-AF1D-4974-93B8-97BC51E7DD5B}.Release|x64.ActiveCfg = Release|x64
		{377BC45E-AF1D-4974-93B8-97BC51E7DD5B}.Release|x64.Build.0 = Release|x64
		{377BC45E-AF1D-4974-93B8-97BC51E7DD5B}.Release|x86.ActiveCfg = Release|Win32
		{377BC45E-AF1D-4974-93B8-97BC51E7DD5B}.Release|x86.Build.0 = Release|Win32
		{7E75AF88-36D6-4296-90E4-6AD3B8FFD797}.Debug|x64.ActiveCfg = Debug|x64
		{7E75AF88-36D6-4296-90E4-6AD3B8FFD797}.Debug|x64.Build.0 = Debug|x64
		{7E75AF88-36D6-4296-90E4-6AD3B8FFD797}.Debug|x86.ActiveCfg = Debug|Win32
		{7E75AF88-36D6-4296-90E4-6AD3B8FFD797}.Debug|x86.Build.0 = Debug|Win32
		{7E75AF88-36D6-4296-90E4-6AD3B8FFD797}.Release|x64.ActiveCfg = Release|x64
		{7E75AF88-36D6-4296-90E4-6AD3B8FFD797}.Release|x64.Build.0 = Release|x64
		{7E75AF88-36D6-4296-90E4-6AD3B8FFD797}.Release|x86.ActiveCfg = Release|Win32
		{7E75AF88-36D6-4296-90E4-6AD3B8FFD797}.Release|x86.Build.0 = Release|Win32
		{7EB2687E-CE53-4194-92E2-6DCC3B4EC942}.Debug|x64.ActiveCfg = Debug|x64
		{7EB2687E-CE53-4194-92E2-6DCC3B4EC942}.Debug|x64.Build.0 = Debug|x64
		{7EB2687E-CE53-4194-92E2-6DCC3B4EC942}.Debug|x86.ActiveCfg = Debug|Win32
		{7EB2687E-CE53-4194-92E2-6DCC3B4EC942}.Debug|x86.Build.0 = Debug|Win32
		{7EB2687E-CE53-4194-92E2-6DCC3B4EC942}.Release|x64.ActiveCfg = Release|x64
		{7EB2687E-CE53-4194-92E2-6DCC3B4EC942}.Release|x64.Build.0 = Release|x64
		{7EB2687E-CE53-4194-92E2-6DCC3B4EC942}.Release|x86.ActiveCfg = Release|Win32
		{7EB2687E-CE53-4194-92E2-6DCC3B4EC942}.Release|x86.Build.0 = Release|Win32
		{580BEDC8-166A-4781-9185-CF5BEB855A38}.Debug|x64.ActiveCfg = Debug|x64
		{580BEDC8-166A-4781-9185-CF5BEB855A38}.Debug|x64.Build.0 = Debug|x64
		{580BEDC8-166A-4781-9185-CF5BEB855A38}.Debug|x86.ActiveCfg = Debug|Win32
		{580BEDC8-166A-4781-9185-CF5BEB855A38}.Debug|x86.Build.0 = Debug|Win32
		{580BEDC8-166A-4781-9185-CF5BEB855A38}.Release|x64.ActiveCfg = Release|x64
		{580BEDC8-166A-4781-9185-CF5BEB855A38}.Release|x64.Build.0 = Release|x64
		{580BEDC8-166A-4781-9185-CF5BEB855A38}.Release|x86.ActiveCfg = Release|Win32
		{580BEDC8-166A-4781-9185-CF5BEB855A38}.Release|x86.Build.0 = Release|Win32
		{B23F7B3D-6A84-414D-9385-846B63945073}.Debug|x64.ActiveCfg = Debug|x64
		{B23F7B3D-6A84-414D-9385-846B63945073}.Debug|x64.Build.0 = Debug|x64
		{B23F7B3D-6A84-414D-9385-846B63945073}.Debug|x86.ActiveCfg = Debug|Win32
		{B23F7B3D-6A84-414D-9385-846B63945073}.Debug|x86.Build.0 = Debug|Win32
		{B23F7B3D-6A84-414D-9385-846B63945073}.Release|x64.ActiveCfg = Release|x64
		{B23F7B3D-6A84-414D-9385-846B63945073}.Release|x64.Build.0 = Release|x64
		{B23F7B3D-6A84-414D-9385-846B63945073}.Release|x86.ActiveCfg = Release|Win32
		{B23F7B3D-6A84-414D-9385-846B63945073}.Release|x86.Build.0 = Release|Win32
		{AF0BA91F-B0CB-4C51-BA0C-B3DBA352A4D0}.Debug|x64.ActiveCfg = Debug|x64
		{AF0BA91F-B0CB-4C51-BA0C-B3DBA352A4D0}.Debug|x64.Build.0 = Debug|x64
		{AF0BA91F-B0CB-4C51-BA0C-B3DBA352A4D0}.Debug|x86.ActiveCfg = Debug|Win32
		{AF0BA91F-B0CB-4C51-BA0C-B3DBA352A4D0}.Debug|x86.Build.0 = Debug|Win32
		{AF0BA91F-B0CB-4C51-BA0C-B3DBA352A4D0}.Release|x64.ActiveCfg = Release|x64
		{AF0BA91F-B0CB-4C51-BA0C-B3DBA352A4D0}.Release|x64.Build.0 = Release|x64
		{AF0BA91F-B0CB-4C51-BA0C-B3DBA352A4D0}.Release|x86.ActiveCfg = Release|Win32
		{AF0BA91F-B0CB-4C51-BA0C-B3DBA352A4D0}.Release|x86.Build.0 = Release|Win32
		{6C0132E9-DA34-4A9A-8AD6-F0E3A2A427AE}.Debug|x64.ActiveCfg = Debug|x64
		{6C0132E9-DA34-4A9A-8AD6-F0E3A2A427AE}.Debug|x64.Build.0 = Debug|x64
		{6C0132E9-DA34-4A9A-8AD6-F0E3A2A427AE}.Debug|x86.ActiveCfg = Debug|Win32
		{6C0132E9-DA34-4A9A-8AD6-F0E3A2A427AE}.Debug|x86.Build.0 = Debug|Win32
		{6C0132E9-DA34-4A9A-8AD6-F0E3A2A427AE}.Release|x64.ActiveCfg = Release|x64
		{6C0132E9-DA34-4A9A-8AD6-F0E3A2A427AE}.Release|x64.Build.0 = Release|x64
		{6C0132E9-DA34-4A9A-8AD6-F0E3A2A427AE}.Release|x86.ActiveCfg = Release|Win32
		{6C0132E9-DA34-4A9A-8AD6-F0E3A2A427AE}.Release|x86.Build.0 = Release|Win32
		{697F7118-87DA-49BC-965F-554356B9CFBB}.Debug|x64.ActiveCfg = Debug|x64
		{697F7118-87DA-49BC-965F-554356B9CFBB}.Debug|x64.Build.0 = Debug|x64
		{697F7118-87DA-49BC-965F-554356B9CFBB}.Debug|x86.ActiveCfg = Debug|Win32
		{697F7118-87DA-49BC-965F-554356B9CFBB}.Debug|x86.Build.0 = Debug|Win32
		{697F7118-87DA-49BC-965F-554356B9CFBB}.Release|x64.ActiveCfg = Release|x64
		{697F7118-87DA-49BC-965F-554356B9CFBB}.Release|x64.Build.0 = Release|x64
		{697F7118-87DA-49BC-965F-554356B9CFBB}.Release|x86.ActiveCfg = Release|Win32
		{697F7118-87DA-49BC-965F-554356B9CFBB}.Release|x86.Build.0 = Release|Win32
	EndGlobalSection
	GlobalSection(SolutionProperties) = preSolution
		HideSolutionNode = FALSE
	EndGlobalSection
	GlobalSection(ExtensibilityGlobals) = postSolution
		SolutionGuid = {9CAB99A6-E1C8-429F-B987-AF29499109D8}
	EndGlobalSection
EndGlobal
